
Microsoft Visual Studio Solution File, Format Version 12.00
# Visual Studio 14
VisualStudioVersion = 14.0.25420.1
MinimumVisualStudioVersion = 10.0.40219.1
Project("{8BB2217D-0F2D-49D1-97BC-3654ED321F3B}") = "CustomerPortal", "src\CustomerPortal\CustomerPortal.xproj", "{FE57F5A5-433D-413E-9B97-D3FD169CC245}"
EndProject
Project("{2150E333-8FDC-42A3-9474-1A3956D46DE8}") = "02. Website", "02. Website", "{0910A204-5B73-4EFF-B604-0288AEFA16DD}"
EndProject
Project("{8BB2217D-0F2D-49D1-97BC-3654ED321F3B}") = "SimpleIdentityServer.Rfid.Website", "src\SimpleIdentityServer.Rfid.Website\SimpleIdentityServer.Rfid.Website.xproj", "{C29236B5-EEAF-4832-8277-86147FE83524}"
EndProject
Project("{8BB2217D-0F2D-49D1-97BC-3654ED321F3B}") = "Serilog.Sinks.ElasticSearch", "src\Serilog.Sinks.ElasticSearch\Serilog.Sinks.ElasticSearch.xproj", "{CEEC154A-1A13-4BCB-ABF5-5CED02E0C145}"
EndProject
Project("{8BB2217D-0F2D-49D1-97BC-3654ED321F3B}") = "SimpleIdentityServer.Client", "src\SimpleIdentityServer.Client\SimpleIdentityServer.Client.xproj", "{8562EA86-1ACB-4A83-9175-8BFCB133EB4D}"
EndProject
Project("{8BB2217D-0F2D-49D1-97BC-3654ED321F3B}") = "SimpleIdentityServer.Configuration.Client", "src\SimpleIdentityServer.Configuration.Client\SimpleIdentityServer.Configuration.Client.xproj", "{65B6F282-0234-48F8-B6B8-0D3E02AEE0BE}"
EndProject
Project("{8BB2217D-0F2D-49D1-97BC-3654ED321F3B}") = "SimpleIdentityServer.Core", "src\SimpleIdentityServer.Core\SimpleIdentityServer.Core.xproj", "{E0C0193B-1244-4517-94FA-8086FD2960DD}"
EndProject
Project("{8BB2217D-0F2D-49D1-97BC-3654ED321F3B}") = "SimpleIdentityServer.Core.Common", "src\SimpleIdentityServer.Core.Common\SimpleIdentityServer.Core.Common.xproj", "{8EA9F43D-3B41-40A4-88D7-68AF33F90C55}"
EndProject
Project("{8BB2217D-0F2D-49D1-97BC-3654ED321F3B}") = "SimpleIdentityServer.Core.Jwt", "src\SimpleIdentityServer.Core.Jwt\SimpleIdentityServer.Core.Jwt.xproj", "{7709D106-0AA1-4FE2-BE16-9E997F483311}"
EndProject
Project("{8BB2217D-0F2D-49D1-97BC-3654ED321F3B}") = "SimpleIdentityServer.DataAccess.SqlServer", "src\SimpleIdentityServer.DataAccess.SqlServer\SimpleIdentityServer.DataAccess.SqlServer.xproj", "{B56B6AE1-E9AA-49CB-9943-CA0AFD69705F}"
EndProject
Project("{8BB2217D-0F2D-49D1-97BC-3654ED321F3B}") = "SimpleIdentityServer.Host", "src\SimpleIdentityServer.Host\SimpleIdentityServer.Host.xproj", "{6D8192C8-37CC-481E-83CA-6D2E3BCBEE09}"
EndProject
Project("{8BB2217D-0F2D-49D1-97BC-3654ED321F3B}") = "System.Security.Cryptography.Algorithms.Extensions", "src\System.Security.Cryptography.Algorithms.Extensions\System.Security.Cryptography.Algorithms.Extensions.xproj", "{4940E66D-CAF7-476E-BA8D-2F612C38F11F}"
EndProject
Project("{8BB2217D-0F2D-49D1-97BC-3654ED321F3B}") = "SimpleIdentityServer.Logging", "src\SimpleIdentityServer.Logging\SimpleIdentityServer.Logging.xproj", "{797FB01A-3748-4FDF-B031-D7A1F8498142}"
EndProject
Project("{8BB2217D-0F2D-49D1-97BC-3654ED321F3B}") = "SimpleIdentityServer.RateLimitation", "src\SimpleIdentityServer.RateLimitation\SimpleIdentityServer.RateLimitation.xproj", "{DF0EED7B-81EB-47FF-92D0-B6223B2A1594}"
EndProject
Project("{2150E333-8FDC-42A3-9474-1A3956D46DE8}") = "00. Other", "00. Other", "{CB0B0065-A281-409F-8690-691127CCB580}"
EndProject
Project("{2150E333-8FDC-42A3-9474-1A3956D46DE8}") = "03. Rfid Layer", "03. Rfid Layer", "{6E8F6655-A0E1-47AB-8A8C-3DB7F94BA83B}"
EndProject
Project("{FAE04EC0-301F-11D3-BF4B-00C04F79EFBC}") = "SimpleIdentityServer.Rfid", "src\SimpleIdentityServer.Rfid\SimpleIdentityServer.Rfid.csproj", "{D9CD4E2B-F9BA-4C26-B9A6-A871E0BB0460}"
EndProject
Project("{8BB2217D-0F2D-49D1-97BC-3654ED321F3B}") = "SimpleIdentityServer.Authentication.Middleware", "src\SimpleIdentityServer.Authentication.Middleware\SimpleIdentityServer.Authentication.Middleware.xproj", "{DFF4E756-7D4B-4F7F-A51A-0C1D288E4728}"
EndProject
Project("{8BB2217D-0F2D-49D1-97BC-3654ED321F3B}") = "WebApiContrib.Core.Storage", "src\WebApiContrib.Core.Storage\WebApiContrib.Core.Storage.xproj", "{B69E21CE-5EE9-4166-9CC2-5E0B08BA5DD2}"
EndProject
Project("{8BB2217D-0F2D-49D1-97BC-3654ED321F3B}") = "WsFederation", "src\WsFederation\WsFederation.xproj", "{425AEB49-216C-4FE1-AC85-286DEBFAD63A}"
EndProject
Project("{2150E333-8FDC-42A3-9474-1A3956D46DE8}") = "01. Core Layer", "01. Core Layer", "{58CB1ABC-4F8F-40AF-9A32-E61AA25591DA}"
EndProject
Project("{8BB2217D-0F2D-49D1-97BC-3654ED321F3B}") = "CustomerPortal.Core", "src\CustomerPortal.Core\CustomerPortal.Core.xproj", "{5C6DBA6C-E45B-4F35-ADE5-568E1B17BAFF}"
EndProject
Global
	GlobalSection(SolutionConfigurationPlatforms) = preSolution
		Debug|Any CPU = Debug|Any CPU
		Release|Any CPU = Release|Any CPU
	EndGlobalSection
	GlobalSection(ProjectConfigurationPlatforms) = postSolution
		{FE57F5A5-433D-413E-9B97-D3FD169CC245}.Debug|Any CPU.ActiveCfg = Debug|Any CPU
		{FE57F5A5-433D-413E-9B97-D3FD169CC245}.Debug|Any CPU.Build.0 = Debug|Any CPU
		{FE57F5A5-433D-413E-9B97-D3FD169CC245}.Release|Any CPU.ActiveCfg = Release|Any CPU
		{FE57F5A5-433D-413E-9B97-D3FD169CC245}.Release|Any CPU.Build.0 = Release|Any CPU
		{C29236B5-EEAF-4832-8277-86147FE83524}.Debug|Any CPU.ActiveCfg = Debug|Any CPU
		{C29236B5-EEAF-4832-8277-86147FE83524}.Debug|Any CPU.Build.0 = Debug|Any CPU
		{C29236B5-EEAF-4832-8277-86147FE83524}.Release|Any CPU.ActiveCfg = Release|Any CPU
		{C29236B5-EEAF-4832-8277-86147FE83524}.Release|Any CPU.Build.0 = Release|Any CPU
		{CEEC154A-1A13-4BCB-ABF5-5CED02E0C145}.Debug|Any CPU.ActiveCfg = Debug|Any CPU
		{CEEC154A-1A13-4BCB-ABF5-5CED02E0C145}.Debug|Any CPU.Build.0 = Debug|Any CPU
		{CEEC154A-1A13-4BCB-ABF5-5CED02E0C145}.Release|Any CPU.ActiveCfg = Release|Any CPU
		{CEEC154A-1A13-4BCB-ABF5-5CED02E0C145}.Release|Any CPU.Build.0 = Release|Any CPU
		{8562EA86-1ACB-4A83-9175-8BFCB133EB4D}.Debug|Any CPU.ActiveCfg = Debug|Any CPU
		{8562EA86-1ACB-4A83-9175-8BFCB133EB4D}.Debug|Any CPU.Build.0 = Debug|Any CPU
		{8562EA86-1ACB-4A83-9175-8BFCB133EB4D}.Release|Any CPU.ActiveCfg = Release|Any CPU
		{8562EA86-1ACB-4A83-9175-8BFCB133EB4D}.Release|Any CPU.Build.0 = Release|Any CPU
		{65B6F282-0234-48F8-B6B8-0D3E02AEE0BE}.Debug|Any CPU.ActiveCfg = Debug|Any CPU
		{65B6F282-0234-48F8-B6B8-0D3E02AEE0BE}.Debug|Any CPU.Build.0 = Debug|Any CPU
		{65B6F282-0234-48F8-B6B8-0D3E02AEE0BE}.Release|Any CPU.ActiveCfg = Release|Any CPU
		{65B6F282-0234-48F8-B6B8-0D3E02AEE0BE}.Release|Any CPU.Build.0 = Release|Any CPU
		{E0C0193B-1244-4517-94FA-8086FD2960DD}.Debug|Any CPU.ActiveCfg = Debug|Any CPU
		{E0C0193B-1244-4517-94FA-8086FD2960DD}.Debug|Any CPU.Build.0 = Debug|Any CPU
		{E0C0193B-1244-4517-94FA-8086FD2960DD}.Release|Any CPU.ActiveCfg = Release|Any CPU
		{E0C0193B-1244-4517-94FA-8086FD2960DD}.Release|Any CPU.Build.0 = Release|Any CPU
		{8EA9F43D-3B41-40A4-88D7-68AF33F90C55}.Debug|Any CPU.ActiveCfg = Debug|Any CPU
		{8EA9F43D-3B41-40A4-88D7-68AF33F90C55}.Debug|Any CPU.Build.0 = Debug|Any CPU
		{8EA9F43D-3B41-40A4-88D7-68AF33F90C55}.Release|Any CPU.ActiveCfg = Release|Any CPU
		{8EA9F43D-3B41-40A4-88D7-68AF33F90C55}.Release|Any CPU.Build.0 = Release|Any CPU
		{7709D106-0AA1-4FE2-BE16-9E997F483311}.Debug|Any CPU.ActiveCfg = Debug|Any CPU
		{7709D106-0AA1-4FE2-BE16-9E997F483311}.Debug|Any CPU.Build.0 = Debug|Any CPU
		{7709D106-0AA1-4FE2-BE16-9E997F483311}.Release|Any CPU.ActiveCfg = Release|Any CPU
		{7709D106-0AA1-4FE2-BE16-9E997F483311}.Release|Any CPU.Build.0 = Release|Any CPU
		{B56B6AE1-E9AA-49CB-9943-CA0AFD69705F}.Debug|Any CPU.ActiveCfg = Debug|Any CPU
		{B56B6AE1-E9AA-49CB-9943-CA0AFD69705F}.Debug|Any CPU.Build.0 = Debug|Any CPU
		{B56B6AE1-E9AA-49CB-9943-CA0AFD69705F}.Release|Any CPU.ActiveCfg = Release|Any CPU
		{B56B6AE1-E9AA-49CB-9943-CA0AFD69705F}.Release|Any CPU.Build.0 = Release|Any CPU
		{6D8192C8-37CC-481E-83CA-6D2E3BCBEE09}.Debug|Any CPU.ActiveCfg = Debug|Any CPU
		{6D8192C8-37CC-481E-83CA-6D2E3BCBEE09}.Debug|Any CPU.Build.0 = Debug|Any CPU
		{6D8192C8-37CC-481E-83CA-6D2E3BCBEE09}.Release|Any CPU.ActiveCfg = Release|Any CPU
		{6D8192C8-37CC-481E-83CA-6D2E3BCBEE09}.Release|Any CPU.Build.0 = Release|Any CPU
		{4940E66D-CAF7-476E-BA8D-2F612C38F11F}.Debug|Any CPU.ActiveCfg = Debug|Any CPU
		{4940E66D-CAF7-476E-BA8D-2F612C38F11F}.Debug|Any CPU.Build.0 = Debug|Any CPU
		{4940E66D-CAF7-476E-BA8D-2F612C38F11F}.Release|Any CPU.ActiveCfg = Release|Any CPU
		{4940E66D-CAF7-476E-BA8D-2F612C38F11F}.Release|Any CPU.Build.0 = Release|Any CPU
		{797FB01A-3748-4FDF-B031-D7A1F8498142}.Debug|Any CPU.ActiveCfg = Debug|Any CPU
		{797FB01A-3748-4FDF-B031-D7A1F8498142}.Debug|Any CPU.Build.0 = Debug|Any CPU
		{797FB01A-3748-4FDF-B031-D7A1F8498142}.Release|Any CPU.ActiveCfg = Release|Any CPU
		{797FB01A-3748-4FDF-B031-D7A1F8498142}.Release|Any CPU.Build.0 = Release|Any CPU
		{DF0EED7B-81EB-47FF-92D0-B6223B2A1594}.Debug|Any CPU.ActiveCfg = Debug|Any CPU
		{DF0EED7B-81EB-47FF-92D0-B6223B2A1594}.Debug|Any CPU.Build.0 = Debug|Any CPU
		{DF0EED7B-81EB-47FF-92D0-B6223B2A1594}.Release|Any CPU.ActiveCfg = Release|Any CPU
		{DF0EED7B-81EB-47FF-92D0-B6223B2A1594}.Release|Any CPU.Build.0 = Release|Any CPU
		{D9CD4E2B-F9BA-4C26-B9A6-A871E0BB0460}.Debug|Any CPU.ActiveCfg = Debug|Any CPU
		{D9CD4E2B-F9BA-4C26-B9A6-A871E0BB0460}.Debug|Any CPU.Build.0 = Debug|Any CPU
		{D9CD4E2B-F9BA-4C26-B9A6-A871E0BB0460}.Release|Any CPU.ActiveCfg = Release|Any CPU
		{D9CD4E2B-F9BA-4C26-B9A6-A871E0BB0460}.Release|Any CPU.Build.0 = Release|Any CPU
		{DFF4E756-7D4B-4F7F-A51A-0C1D288E4728}.Debug|Any CPU.ActiveCfg = Debug|Any CPU
		{DFF4E756-7D4B-4F7F-A51A-0C1D288E4728}.Debug|Any CPU.Build.0 = Debug|Any CPU
		{DFF4E756-7D4B-4F7F-A51A-0C1D288E4728}.Release|Any CPU.ActiveCfg = Release|Any CPU
		{DFF4E756-7D4B-4F7F-A51A-0C1D288E4728}.Release|Any CPU.Build.0 = Release|Any CPU
		{B69E21CE-5EE9-4166-9CC2-5E0B08BA5DD2}.Debug|Any CPU.ActiveCfg = Debug|Any CPU
		{B69E21CE-5EE9-4166-9CC2-5E0B08BA5DD2}.Debug|Any CPU.Build.0 = Debug|Any CPU
		{B69E21CE-5EE9-4166-9CC2-5E0B08BA5DD2}.Release|Any CPU.ActiveCfg = Release|Any CPU
		{B69E21CE-5EE9-4166-9CC2-5E0B08BA5DD2}.Release|Any CPU.Build.0 = Release|Any CPU
		{425AEB49-216C-4FE1-AC85-286DEBFAD63A}.Debug|Any CPU.ActiveCfg = Debug|Any CPU
		{425AEB49-216C-4FE1-AC85-286DEBFAD63A}.Debug|Any CPU.Build.0 = Debug|Any CPU
		{425AEB49-216C-4FE1-AC85-286DEBFAD63A}.Release|Any CPU.ActiveCfg = Release|Any CPU
		{425AEB49-216C-4FE1-AC85-286DEBFAD63A}.Release|Any CPU.Build.0 = Release|Any CPU
		{5C6DBA6C-E45B-4F35-ADE5-568E1B17BAFF}.Debug|Any CPU.ActiveCfg = Debug|Any CPU
		{5C6DBA6C-E45B-4F35-ADE5-568E1B17BAFF}.Debug|Any CPU.Build.0 = Debug|Any CPU
		{5C6DBA6C-E45B-4F35-ADE5-568E1B17BAFF}.Release|Any CPU.ActiveCfg = Release|Any CPU
		{5C6DBA6C-E45B-4F35-ADE5-568E1B17BAFF}.Release|Any CPU.Build.0 = Release|Any CPU
	EndGlobalSection
	GlobalSection(SolutionProperties) = preSolution
		HideSolutionNode = FALSE
	EndGlobalSection
	GlobalSection(NestedProjects) = preSolution
		{FE57F5A5-433D-413E-9B97-D3FD169CC245} = {0910A204-5B73-4EFF-B604-0288AEFA16DD}
		{C29236B5-EEAF-4832-8277-86147FE83524} = {6E8F6655-A0E1-47AB-8A8C-3DB7F94BA83B}
		{CEEC154A-1A13-4BCB-ABF5-5CED02E0C145} = {CB0B0065-A281-409F-8690-691127CCB580}
		{8562EA86-1ACB-4A83-9175-8BFCB133EB4D} = {CB0B0065-A281-409F-8690-691127CCB580}
		{65B6F282-0234-48F8-B6B8-0D3E02AEE0BE} = {CB0B0065-A281-409F-8690-691127CCB580}
		{E0C0193B-1244-4517-94FA-8086FD2960DD} = {CB0B0065-A281-409F-8690-691127CCB580}
		{8EA9F43D-3B41-40A4-88D7-68AF33F90C55} = {CB0B0065-A281-409F-8690-691127CCB580}
		{7709D106-0AA1-4FE2-BE16-9E997F483311} = {CB0B0065-A281-409F-8690-691127CCB580}
		{B56B6AE1-E9AA-49CB-9943-CA0AFD69705F} = {CB0B0065-A281-409F-8690-691127CCB580}
		{6D8192C8-37CC-481E-83CA-6D2E3BCBEE09} = {CB0B0065-A281-409F-8690-691127CCB580}
		{4940E66D-CAF7-476E-BA8D-2F612C38F11F} = {CB0B0065-A281-409F-8690-691127CCB580}
		{797FB01A-3748-4FDF-B031-D7A1F8498142} = {CB0B0065-A281-409F-8690-691127CCB580}
		{DF0EED7B-81EB-47FF-92D0-B6223B2A1594} = {CB0B0065-A281-409F-8690-691127CCB580}
		{D9CD4E2B-F9BA-4C26-B9A6-A871E0BB0460} = {6E8F6655-A0E1-47AB-8A8C-3DB7F94BA83B}
		{DFF4E756-7D4B-4F7F-A51A-0C1D288E4728} = {CB0B0065-A281-409F-8690-691127CCB580}
		{B69E21CE-5EE9-4166-9CC2-5E0B08BA5DD2} = {CB0B0065-A281-409F-8690-691127CCB580}
		{425AEB49-216C-4FE1-AC85-286DEBFAD63A} = {CB0B0065-A281-409F-8690-691127CCB580}
		{5C6DBA6C-E45B-4F35-ADE5-568E1B17BAFF} = {58CB1ABC-4F8F-40AF-9A32-E61AA25591DA}
	EndGlobalSection
EndGlobal
