
Microsoft Visual Studio Solution File, Format Version 12.00
# Visual Studio 14
VisualStudioVersion = 14.0.25420.1
MinimumVisualStudioVersion = 10.0.40219.1
Project("{2150E333-8FDC-42A3-9474-1A3956D46DE8}") = "01. Core", "01. Core", "{D3274B2A-7992-412D-A2BC-CD2DDA51F24E}"
EndProject
Project("{2150E333-8FDC-42A3-9474-1A3956D46DE8}") = "02. Host", "02. Host", "{5DEBCF0A-FE01-425F-BFE2-F1EADDD6D8D2}"
EndProject
Project("{2150E333-8FDC-42A3-9474-1A3956D46DE8}") = "03. Test", "03. Test", "{5AD816CA-C393-428F-9F06-98B45120B02C}"
EndProject
Project("{2150E333-8FDC-42A3-9474-1A3956D46DE8}") = "01. Unit Tests", "01. Unit Tests", "{28801ACE-3A1D-4868-90AB-B30043A20AED}"
EndProject
Project("{2150E333-8FDC-42A3-9474-1A3956D46DE8}") = "Solution Items", "Solution Items", "{EAC85787-20F0-4C78-9AC6-C3CB7CD19065}"
	ProjectSection(SolutionItems) = preProject
		global.json = global.json
	EndProjectSection
EndProject
Project("{8BB2217D-0F2D-49D1-97BC-3654ED321F3B}") = "SimpleIdentityServer.Manager.Host", "src\SimpleIdentityServer.Manager.Host\SimpleIdentityServer.Manager.Host.xproj", "{6D8192C8-37CC-481E-83CA-6D2E3BCBEE09}"
EndProject
Project("{8BB2217D-0F2D-49D1-97BC-3654ED321F3B}") = "SimpleIdentityServer.Core.Jwt", "src\SimpleIdentityServer.Core.Jwt\SimpleIdentityServer.Core.Jwt.xproj", "{7709D106-0AA1-4FE2-BE16-9E997F483311}"
EndProject
Project("{8BB2217D-0F2D-49D1-97BC-3654ED321F3B}") = "SimpleIdentityServer.Core.Common", "src\SimpleIdentityServer.Core.Common\SimpleIdentityServer.Core.Common.xproj", "{8EA9F43D-3B41-40A4-88D7-68AF33F90C55}"
EndProject
Project("{8BB2217D-0F2D-49D1-97BC-3654ED321F3B}") = "SimpleIdentityServer.Manager.Core", "src\SimpleIdentityServer.Manager.Core\SimpleIdentityServer.Manager.Core.xproj", "{F6CDD355-9D4A-4A57-8D57-74F2DBCDBFA3}"
EndProject
Project("{8BB2217D-0F2D-49D1-97BC-3654ED321F3B}") = "SimpleIdentityServer.Core", "src\SimpleIdentityServer.Core\SimpleIdentityServer.Core.xproj", "{E0C0193B-1244-4517-94FA-8086FD2960DD}"
EndProject
Project("{8BB2217D-0F2D-49D1-97BC-3654ED321F3B}") = "SimpleIdentityServer.Logging", "src\SimpleIdentityServer.Logging\SimpleIdentityServer.Logging.xproj", "{797FB01A-3748-4FDF-B031-D7A1F8498142}"
EndProject
Project("{8BB2217D-0F2D-49D1-97BC-3654ED321F3B}") = "SimpleIdentityServer.DataAccess.Fake", "src\SimpleIdentityServer.DataAccess.Fake\SimpleIdentityServer.DataAccess.Fake.xproj", "{C6A67FB8-DD94-490E-B7EE-F2E4C3BB31BA}"
EndProject
Project("{8BB2217D-0F2D-49D1-97BC-3654ED321F3B}") = "SimpleIdentityServer.DataAccess.SqlServer", "src\SimpleIdentityServer.DataAccess.SqlServer\SimpleIdentityServer.DataAccess.SqlServer.xproj", "{B56B6AE1-E9AA-49CB-9943-CA0AFD69705F}"
EndProject
Project("{8BB2217D-0F2D-49D1-97BC-3654ED321F3B}") = "SimpleIdentityServer.Oauth2Instrospection.Authentication", "src\SimpleIdentityServer.Oauth2Instrospection.Authentication\SimpleIdentityServer.Oauth2Instrospection.Authentication.xproj", "{59687538-4A64-46DD-9E55-C312CC052C9A}"
EndProject
Project("{8BB2217D-0F2D-49D1-97BC-3654ED321F3B}") = "SimpleIdentityServer.Authentication.Common", "src\SimpleIdentityServer.Authentication.Common\SimpleIdentityServer.Authentication.Common.xproj", "{6049147A-DB45-4A3F-AD9C-E67D5F1F8145}"
EndProject
Project("{8BB2217D-0F2D-49D1-97BC-3654ED321F3B}") = "SimpleIdentityServer.UserInformation.Authentication", "src\SimpleIdentityServer.UserInformation.Authentication\SimpleIdentityServer.UserInformation.Authentication.xproj", "{FD57226B-4F6A-4FEC-AB10-A4C948C1ADE5}"
EndProject
Project("{8BB2217D-0F2D-49D1-97BC-3654ED321F3B}") = "System.Security.Cryptography.Algorithms.Extensions", "src\System.Security.Cryptography.Algorithms.Extensions\System.Security.Cryptography.Algorithms.Extensions.xproj", "{4940E66D-CAF7-476E-BA8D-2F612C38F11F}"
EndProject
Project("{8BB2217D-0F2D-49D1-97BC-3654ED321F3B}") = "SimpleIdentityServer.Manager.Host.Startup", "src\SimpleIdentityServer.Manager.Host.Startup\SimpleIdentityServer.Manager.Host.Startup.xproj", "{EF086FD1-656B-4DC6-B23B-B1401203CE76}"
EndProject
Project("{8BB2217D-0F2D-49D1-97BC-3654ED321F3B}") = "SimpleIdentityServer.Manager.Core.Tests", "tests\SimpleIdentityServer.Manager.Core.Tests\SimpleIdentityServer.Manager.Core.Tests.xproj", "{FCB0F13A-B412-4340-B077-D3E7A60A9DD7}"
EndProject
Project("{8BB2217D-0F2D-49D1-97BC-3654ED321F3B}") = "Serilog.Sinks.ElasticSearch", "src\Serilog.Sinks.ElasticSearch\Serilog.Sinks.ElasticSearch.xproj", "{CEEC154A-1A13-4BCB-ABF5-5CED02E0C145}"
EndProject
Global
	GlobalSection(SolutionConfigurationPlatforms) = preSolution
		Debug|Any CPU = Debug|Any CPU
		Fake|Any CPU = Fake|Any CPU
		Release|Any CPU = Release|Any CPU
	EndGlobalSection
	GlobalSection(ProjectConfigurationPlatforms) = postSolution
		{6D8192C8-37CC-481E-83CA-6D2E3BCBEE09}.Debug|Any CPU.ActiveCfg = Debug|Any CPU
		{6D8192C8-37CC-481E-83CA-6D2E3BCBEE09}.Debug|Any CPU.Build.0 = Debug|Any CPU
		{6D8192C8-37CC-481E-83CA-6D2E3BCBEE09}.Fake|Any CPU.ActiveCfg = Debug|Any CPU
		{6D8192C8-37CC-481E-83CA-6D2E3BCBEE09}.Fake|Any CPU.Build.0 = Debug|Any CPU
		{6D8192C8-37CC-481E-83CA-6D2E3BCBEE09}.Release|Any CPU.ActiveCfg = Release|Any CPU
		{6D8192C8-37CC-481E-83CA-6D2E3BCBEE09}.Release|Any CPU.Build.0 = Release|Any CPU
		{7709D106-0AA1-4FE2-BE16-9E997F483311}.Debug|Any CPU.ActiveCfg = Debug|Any CPU
		{7709D106-0AA1-4FE2-BE16-9E997F483311}.Debug|Any CPU.Build.0 = Debug|Any CPU
		{7709D106-0AA1-4FE2-BE16-9E997F483311}.Fake|Any CPU.ActiveCfg = Debug|Any CPU
		{7709D106-0AA1-4FE2-BE16-9E997F483311}.Fake|Any CPU.Build.0 = Debug|Any CPU
		{7709D106-0AA1-4FE2-BE16-9E997F483311}.Release|Any CPU.ActiveCfg = Release|Any CPU
		{7709D106-0AA1-4FE2-BE16-9E997F483311}.Release|Any CPU.Build.0 = Release|Any CPU
		{8EA9F43D-3B41-40A4-88D7-68AF33F90C55}.Debug|Any CPU.ActiveCfg = Debug|Any CPU
		{8EA9F43D-3B41-40A4-88D7-68AF33F90C55}.Debug|Any CPU.Build.0 = Debug|Any CPU
		{8EA9F43D-3B41-40A4-88D7-68AF33F90C55}.Fake|Any CPU.ActiveCfg = Debug|Any CPU
		{8EA9F43D-3B41-40A4-88D7-68AF33F90C55}.Fake|Any CPU.Build.0 = Debug|Any CPU
		{8EA9F43D-3B41-40A4-88D7-68AF33F90C55}.Release|Any CPU.ActiveCfg = Release|Any CPU
		{8EA9F43D-3B41-40A4-88D7-68AF33F90C55}.Release|Any CPU.Build.0 = Release|Any CPU
		{F6CDD355-9D4A-4A57-8D57-74F2DBCDBFA3}.Debug|Any CPU.ActiveCfg = Debug|Any CPU
		{F6CDD355-9D4A-4A57-8D57-74F2DBCDBFA3}.Debug|Any CPU.Build.0 = Debug|Any CPU
		{F6CDD355-9D4A-4A57-8D57-74F2DBCDBFA3}.Fake|Any CPU.ActiveCfg = Debug|Any CPU
		{F6CDD355-9D4A-4A57-8D57-74F2DBCDBFA3}.Fake|Any CPU.Build.0 = Debug|Any CPU
		{F6CDD355-9D4A-4A57-8D57-74F2DBCDBFA3}.Release|Any CPU.ActiveCfg = Release|Any CPU
		{F6CDD355-9D4A-4A57-8D57-74F2DBCDBFA3}.Release|Any CPU.Build.0 = Release|Any CPU
		{E0C0193B-1244-4517-94FA-8086FD2960DD}.Debug|Any CPU.ActiveCfg = Debug|Any CPU
		{E0C0193B-1244-4517-94FA-8086FD2960DD}.Debug|Any CPU.Build.0 = Debug|Any CPU
		{E0C0193B-1244-4517-94FA-8086FD2960DD}.Fake|Any CPU.ActiveCfg = Debug|Any CPU
		{E0C0193B-1244-4517-94FA-8086FD2960DD}.Fake|Any CPU.Build.0 = Debug|Any CPU
		{E0C0193B-1244-4517-94FA-8086FD2960DD}.Release|Any CPU.ActiveCfg = Release|Any CPU
		{E0C0193B-1244-4517-94FA-8086FD2960DD}.Release|Any CPU.Build.0 = Release|Any CPU
		{797FB01A-3748-4FDF-B031-D7A1F8498142}.Debug|Any CPU.ActiveCfg = Debug|Any CPU
		{797FB01A-3748-4FDF-B031-D7A1F8498142}.Debug|Any CPU.Build.0 = Debug|Any CPU
		{797FB01A-3748-4FDF-B031-D7A1F8498142}.Fake|Any CPU.ActiveCfg = Debug|Any CPU
		{797FB01A-3748-4FDF-B031-D7A1F8498142}.Fake|Any CPU.Build.0 = Debug|Any CPU
		{797FB01A-3748-4FDF-B031-D7A1F8498142}.Release|Any CPU.ActiveCfg = Release|Any CPU
		{797FB01A-3748-4FDF-B031-D7A1F8498142}.Release|Any CPU.Build.0 = Release|Any CPU
		{C6A67FB8-DD94-490E-B7EE-F2E4C3BB31BA}.Debug|Any CPU.ActiveCfg = Debug|Any CPU
		{C6A67FB8-DD94-490E-B7EE-F2E4C3BB31BA}.Debug|Any CPU.Build.0 = Debug|Any CPU
		{C6A67FB8-DD94-490E-B7EE-F2E4C3BB31BA}.Fake|Any CPU.ActiveCfg = Debug|Any CPU
		{C6A67FB8-DD94-490E-B7EE-F2E4C3BB31BA}.Fake|Any CPU.Build.0 = Debug|Any CPU
		{C6A67FB8-DD94-490E-B7EE-F2E4C3BB31BA}.Release|Any CPU.ActiveCfg = Release|Any CPU
		{C6A67FB8-DD94-490E-B7EE-F2E4C3BB31BA}.Release|Any CPU.Build.0 = Release|Any CPU
		{B56B6AE1-E9AA-49CB-9943-CA0AFD69705F}.Debug|Any CPU.ActiveCfg = Debug|Any CPU
		{B56B6AE1-E9AA-49CB-9943-CA0AFD69705F}.Debug|Any CPU.Build.0 = Debug|Any CPU
		{B56B6AE1-E9AA-49CB-9943-CA0AFD69705F}.Fake|Any CPU.ActiveCfg = Debug|Any CPU
		{B56B6AE1-E9AA-49CB-9943-CA0AFD69705F}.Fake|Any CPU.Build.0 = Debug|Any CPU
		{B56B6AE1-E9AA-49CB-9943-CA0AFD69705F}.Release|Any CPU.ActiveCfg = Release|Any CPU
		{B56B6AE1-E9AA-49CB-9943-CA0AFD69705F}.Release|Any CPU.Build.0 = Release|Any CPU
		{59687538-4A64-46DD-9E55-C312CC052C9A}.Debug|Any CPU.ActiveCfg = Debug|Any CPU
		{59687538-4A64-46DD-9E55-C312CC052C9A}.Debug|Any CPU.Build.0 = Debug|Any CPU
		{59687538-4A64-46DD-9E55-C312CC052C9A}.Fake|Any CPU.ActiveCfg = Debug|Any CPU
		{59687538-4A64-46DD-9E55-C312CC052C9A}.Fake|Any CPU.Build.0 = Debug|Any CPU
		{59687538-4A64-46DD-9E55-C312CC052C9A}.Release|Any CPU.ActiveCfg = Release|Any CPU
		{59687538-4A64-46DD-9E55-C312CC052C9A}.Release|Any CPU.Build.0 = Release|Any CPU
		{6049147A-DB45-4A3F-AD9C-E67D5F1F8145}.Debug|Any CPU.ActiveCfg = Debug|Any CPU
		{6049147A-DB45-4A3F-AD9C-E67D5F1F8145}.Debug|Any CPU.Build.0 = Debug|Any CPU
		{6049147A-DB45-4A3F-AD9C-E67D5F1F8145}.Fake|Any CPU.ActiveCfg = Debug|Any CPU
		{6049147A-DB45-4A3F-AD9C-E67D5F1F8145}.Fake|Any CPU.Build.0 = Debug|Any CPU
		{6049147A-DB45-4A3F-AD9C-E67D5F1F8145}.Release|Any CPU.ActiveCfg = Release|Any CPU
		{6049147A-DB45-4A3F-AD9C-E67D5F1F8145}.Release|Any CPU.Build.0 = Release|Any CPU
		{FD57226B-4F6A-4FEC-AB10-A4C948C1ADE5}.Debug|Any CPU.ActiveCfg = Debug|Any CPU
		{FD57226B-4F6A-4FEC-AB10-A4C948C1ADE5}.Debug|Any CPU.Build.0 = Debug|Any CPU
		{FD57226B-4F6A-4FEC-AB10-A4C948C1ADE5}.Fake|Any CPU.ActiveCfg = Debug|Any CPU
		{FD57226B-4F6A-4FEC-AB10-A4C948C1ADE5}.Fake|Any CPU.Build.0 = Debug|Any CPU
		{FD57226B-4F6A-4FEC-AB10-A4C948C1ADE5}.Release|Any CPU.ActiveCfg = Release|Any CPU
		{FD57226B-4F6A-4FEC-AB10-A4C948C1ADE5}.Release|Any CPU.Build.0 = Release|Any CPU
		{4940E66D-CAF7-476E-BA8D-2F612C38F11F}.Debug|Any CPU.ActiveCfg = Debug|Any CPU
		{4940E66D-CAF7-476E-BA8D-2F612C38F11F}.Debug|Any CPU.Build.0 = Debug|Any CPU
		{4940E66D-CAF7-476E-BA8D-2F612C38F11F}.Fake|Any CPU.ActiveCfg = Debug|Any CPU
		{4940E66D-CAF7-476E-BA8D-2F612C38F11F}.Fake|Any CPU.Build.0 = Debug|Any CPU
		{4940E66D-CAF7-476E-BA8D-2F612C38F11F}.Release|Any CPU.ActiveCfg = Release|Any CPU
		{4940E66D-CAF7-476E-BA8D-2F612C38F11F}.Release|Any CPU.Build.0 = Release|Any CPU
		{EF086FD1-656B-4DC6-B23B-B1401203CE76}.Debug|Any CPU.ActiveCfg = Debug|Any CPU
		{EF086FD1-656B-4DC6-B23B-B1401203CE76}.Debug|Any CPU.Build.0 = Debug|Any CPU
		{EF086FD1-656B-4DC6-B23B-B1401203CE76}.Fake|Any CPU.ActiveCfg = Debug|Any CPU
		{EF086FD1-656B-4DC6-B23B-B1401203CE76}.Fake|Any CPU.Build.0 = Debug|Any CPU
		{EF086FD1-656B-4DC6-B23B-B1401203CE76}.Release|Any CPU.ActiveCfg = Release|Any CPU
		{EF086FD1-656B-4DC6-B23B-B1401203CE76}.Release|Any CPU.Build.0 = Release|Any CPU
		{FCB0F13A-B412-4340-B077-D3E7A60A9DD7}.Debug|Any CPU.ActiveCfg = Debug|Any CPU
		{FCB0F13A-B412-4340-B077-D3E7A60A9DD7}.Debug|Any CPU.Build.0 = Debug|Any CPU
		{FCB0F13A-B412-4340-B077-D3E7A60A9DD7}.Fake|Any CPU.ActiveCfg = Debug|Any CPU
		{FCB0F13A-B412-4340-B077-D3E7A60A9DD7}.Fake|Any CPU.Build.0 = Debug|Any CPU
		{FCB0F13A-B412-4340-B077-D3E7A60A9DD7}.Release|Any CPU.ActiveCfg = Release|Any CPU
		{FCB0F13A-B412-4340-B077-D3E7A60A9DD7}.Release|Any CPU.Build.0 = Release|Any CPU
		{CEEC154A-1A13-4BCB-ABF5-5CED02E0C145}.Debug|Any CPU.ActiveCfg = Debug|Any CPU
		{CEEC154A-1A13-4BCB-ABF5-5CED02E0C145}.Debug|Any CPU.Build.0 = Debug|Any CPU
		{CEEC154A-1A13-4BCB-ABF5-5CED02E0C145}.Fake|Any CPU.ActiveCfg = Debug|Any CPU
		{CEEC154A-1A13-4BCB-ABF5-5CED02E0C145}.Fake|Any CPU.Build.0 = Debug|Any CPU
		{CEEC154A-1A13-4BCB-ABF5-5CED02E0C145}.Release|Any CPU.ActiveCfg = Release|Any CPU
		{CEEC154A-1A13-4BCB-ABF5-5CED02E0C145}.Release|Any CPU.Build.0 = Release|Any CPU
	EndGlobalSection
	GlobalSection(SolutionProperties) = preSolution
		HideSolutionNode = FALSE
	EndGlobalSection
	GlobalSection(NestedProjects) = preSolution
		{28801ACE-3A1D-4868-90AB-B30043A20AED} = {5AD816CA-C393-428F-9F06-98B45120B02C}
		{6D8192C8-37CC-481E-83CA-6D2E3BCBEE09} = {5DEBCF0A-FE01-425F-BFE2-F1EADDD6D8D2}
		{7709D106-0AA1-4FE2-BE16-9E997F483311} = {D3274B2A-7992-412D-A2BC-CD2DDA51F24E}
		{8EA9F43D-3B41-40A4-88D7-68AF33F90C55} = {D3274B2A-7992-412D-A2BC-CD2DDA51F24E}
		{F6CDD355-9D4A-4A57-8D57-74F2DBCDBFA3} = {D3274B2A-7992-412D-A2BC-CD2DDA51F24E}
		{E0C0193B-1244-4517-94FA-8086FD2960DD} = {D3274B2A-7992-412D-A2BC-CD2DDA51F24E}
		{797FB01A-3748-4FDF-B031-D7A1F8498142} = {D3274B2A-7992-412D-A2BC-CD2DDA51F24E}
		{C6A67FB8-DD94-490E-B7EE-F2E4C3BB31BA} = {D3274B2A-7992-412D-A2BC-CD2DDA51F24E}
		{B56B6AE1-E9AA-49CB-9943-CA0AFD69705F} = {D3274B2A-7992-412D-A2BC-CD2DDA51F24E}
		{59687538-4A64-46DD-9E55-C312CC052C9A} = {D3274B2A-7992-412D-A2BC-CD2DDA51F24E}
		{6049147A-DB45-4A3F-AD9C-E67D5F1F8145} = {D3274B2A-7992-412D-A2BC-CD2DDA51F24E}
		{FD57226B-4F6A-4FEC-AB10-A4C948C1ADE5} = {D3274B2A-7992-412D-A2BC-CD2DDA51F24E}
		{4940E66D-CAF7-476E-BA8D-2F612C38F11F} = {D3274B2A-7992-412D-A2BC-CD2DDA51F24E}
		{EF086FD1-656B-4DC6-B23B-B1401203CE76} = {5DEBCF0A-FE01-425F-BFE2-F1EADDD6D8D2}
		{FCB0F13A-B412-4340-B077-D3E7A60A9DD7} = {28801ACE-3A1D-4868-90AB-B30043A20AED}
		{CEEC154A-1A13-4BCB-ABF5-5CED02E0C145} = {D3274B2A-7992-412D-A2BC-CD2DDA51F24E}
	EndGlobalSection
EndGlobal
