
Microsoft Visual Studio Solution File, Format Version 12.00
# Visual Studio 14
VisualStudioVersion = 14.0.25123.0
MinimumVisualStudioVersion = 10.0.40219.1
Project("{2150E333-8FDC-42A3-9474-1A3956D46DE8}") = "01. Core Layer", "01. Core Layer", "{F8ACEF9F-B67E-404E-B2F1-7AE28239BB68}"
EndProject
Project("{2150E333-8FDC-42A3-9474-1A3956D46DE8}") = "02. Data Layer", "02. Data Layer", "{2C9C202E-970B-4CB1-9F9B-96EBC83FE541}"
EndProject
Project("{2150E333-8FDC-42A3-9474-1A3956D46DE8}") = "03. Hosting Layer", "03. Hosting Layer", "{07DEEBC9-C79C-4622-877B-41D6580F6DDD}"
EndProject
Project("{2150E333-8FDC-42A3-9474-1A3956D46DE8}") = "05. Unit Testing Layer", "05. Unit Testing Layer", "{1C08D32C-CE6E-46BD-A468-F26E3AED7D51}"
EndProject
Project("{8BB2217D-0F2D-49D1-97BC-3654ED321F3B}") = "SimpleIdentityServer.Configuration.Core", "src\SimpleIdentityServer.Configuration.Core\SimpleIdentityServer.Configuration.Core.xproj", "{F6CDD355-9D4A-4A57-8D57-74F2DBCDBFA3}"
EndProject
Project("{2150E333-8FDC-42A3-9474-1A3956D46DE8}") = "01. Unit tests", "01. Unit tests", "{CEE6A045-40E0-4781-8A30-304969B9D7C2}"
EndProject
Project("{8BB2217D-0F2D-49D1-97BC-3654ED321F3B}") = "SimpleIdentityServer.Configuration.Core.Tests", "tests\SimpleIdentityServer.Configuration.Core.Tests\SimpleIdentityServer.Configuration.Core.Tests.xproj", "{FCB0F13A-B412-4340-B077-D3E7A60A9DD7}"
EndProject
Project("{8BB2217D-0F2D-49D1-97BC-3654ED321F3B}") = "SimpleIdentityServer.Configuration.EF", "src\SimpleIdentityServer.Configuration.EF\SimpleIdentityServer.Configuration.EF.xproj", "{86F685FB-24B6-4ADA-88A5-422733E7B031}"
EndProject
Project("{8BB2217D-0F2D-49D1-97BC-3654ED321F3B}") = "SimpleIdentityServer.Configuration.Startup", "src\SimpleIdentityServer.Configuration.Startup\SimpleIdentityServer.Configuration.Startup.xproj", "{FE57F5A5-433D-413E-9B97-D3FD169CC245}"
EndProject
Project("{8BB2217D-0F2D-49D1-97BC-3654ED321F3B}") = "SimpleIdentityServer.Core.Common", "src\SimpleIdentityServer.Core.Common\SimpleIdentityServer.Core.Common.xproj", "{8EA9F43D-3B41-40A4-88D7-68AF33F90C55}"
EndProject
Project("{2150E333-8FDC-42A3-9474-1A3956D46DE8}") = "00. Other", "00. Other", "{0B66C3BA-832B-435F-B097-11DB1C265D69}"
EndProject
Project("{8BB2217D-0F2D-49D1-97BC-3654ED321F3B}") = "SimpleIdentityServer.Authentication.Common", "src\SimpleIdentityServer.Authentication.Common\SimpleIdentityServer.Authentication.Common.xproj", "{6049147A-DB45-4A3F-AD9C-E67D5F1F8145}"
EndProject
Project("{8BB2217D-0F2D-49D1-97BC-3654ED321F3B}") = "SimpleIdentityServer.Oauth2Instrospection.Authentication", "src\SimpleIdentityServer.Oauth2Instrospection.Authentication\SimpleIdentityServer.Oauth2Instrospection.Authentication.xproj", "{59687538-4A64-46DD-9E55-C312CC052C9A}"
EndProject
Project("{2150E333-8FDC-42A3-9474-1A3956D46DE8}") = "04. Client Layer", "04. Client Layer", "{91042044-6FC4-4F9A-9D7A-F29A35D490C1}"
EndProject
Project("{8BB2217D-0F2D-49D1-97BC-3654ED321F3B}") = "SimpleIdentityServer.Configuration.Client", "src\SimpleIdentityServer.Configuration.Client\SimpleIdentityServer.Configuration.Client.xproj", "{65B6F282-0234-48F8-B6B8-0D3E02AEE0BE}"
EndProject
Global
	GlobalSection(SolutionConfigurationPlatforms) = preSolution
		Debug|Any CPU = Debug|Any CPU
		Release|Any CPU = Release|Any CPU
	EndGlobalSection
	GlobalSection(ProjectConfigurationPlatforms) = postSolution
		{F6CDD355-9D4A-4A57-8D57-74F2DBCDBFA3}.Debug|Any CPU.ActiveCfg = Debug|Any CPU
		{F6CDD355-9D4A-4A57-8D57-74F2DBCDBFA3}.Debug|Any CPU.Build.0 = Debug|Any CPU
		{F6CDD355-9D4A-4A57-8D57-74F2DBCDBFA3}.Release|Any CPU.ActiveCfg = Release|Any CPU
		{F6CDD355-9D4A-4A57-8D57-74F2DBCDBFA3}.Release|Any CPU.Build.0 = Release|Any CPU
		{FCB0F13A-B412-4340-B077-D3E7A60A9DD7}.Debug|Any CPU.ActiveCfg = Debug|Any CPU
		{FCB0F13A-B412-4340-B077-D3E7A60A9DD7}.Debug|Any CPU.Build.0 = Debug|Any CPU
		{FCB0F13A-B412-4340-B077-D3E7A60A9DD7}.Release|Any CPU.ActiveCfg = Release|Any CPU
		{FCB0F13A-B412-4340-B077-D3E7A60A9DD7}.Release|Any CPU.Build.0 = Release|Any CPU
		{86F685FB-24B6-4ADA-88A5-422733E7B031}.Debug|Any CPU.ActiveCfg = Debug|Any CPU
		{86F685FB-24B6-4ADA-88A5-422733E7B031}.Debug|Any CPU.Build.0 = Debug|Any CPU
		{86F685FB-24B6-4ADA-88A5-422733E7B031}.Release|Any CPU.ActiveCfg = Release|Any CPU
		{86F685FB-24B6-4ADA-88A5-422733E7B031}.Release|Any CPU.Build.0 = Release|Any CPU
		{FE57F5A5-433D-413E-9B97-D3FD169CC245}.Debug|Any CPU.ActiveCfg = Debug|Any CPU
		{FE57F5A5-433D-413E-9B97-D3FD169CC245}.Debug|Any CPU.Build.0 = Debug|Any CPU
		{FE57F5A5-433D-413E-9B97-D3FD169CC245}.Release|Any CPU.ActiveCfg = Release|Any CPU
		{FE57F5A5-433D-413E-9B97-D3FD169CC245}.Release|Any CPU.Build.0 = Release|Any CPU
		{8EA9F43D-3B41-40A4-88D7-68AF33F90C55}.Debug|Any CPU.ActiveCfg = Debug|Any CPU
		{8EA9F43D-3B41-40A4-88D7-68AF33F90C55}.Debug|Any CPU.Build.0 = Debug|Any CPU
		{8EA9F43D-3B41-40A4-88D7-68AF33F90C55}.Release|Any CPU.ActiveCfg = Release|Any CPU
		{8EA9F43D-3B41-40A4-88D7-68AF33F90C55}.Release|Any CPU.Build.0 = Release|Any CPU
		{6049147A-DB45-4A3F-AD9C-E67D5F1F8145}.Debug|Any CPU.ActiveCfg = Debug|Any CPU
		{6049147A-DB45-4A3F-AD9C-E67D5F1F8145}.Debug|Any CPU.Build.0 = Debug|Any CPU
		{6049147A-DB45-4A3F-AD9C-E67D5F1F8145}.Release|Any CPU.ActiveCfg = Release|Any CPU
		{6049147A-DB45-4A3F-AD9C-E67D5F1F8145}.Release|Any CPU.Build.0 = Release|Any CPU
		{59687538-4A64-46DD-9E55-C312CC052C9A}.Debug|Any CPU.ActiveCfg = Debug|Any CPU
		{59687538-4A64-46DD-9E55-C312CC052C9A}.Debug|Any CPU.Build.0 = Debug|Any CPU
		{59687538-4A64-46DD-9E55-C312CC052C9A}.Release|Any CPU.ActiveCfg = Release|Any CPU
		{59687538-4A64-46DD-9E55-C312CC052C9A}.Release|Any CPU.Build.0 = Release|Any CPU
		{65B6F282-0234-48F8-B6B8-0D3E02AEE0BE}.Debug|Any CPU.ActiveCfg = Debug|Any CPU
		{65B6F282-0234-48F8-B6B8-0D3E02AEE0BE}.Debug|Any CPU.Build.0 = Debug|Any CPU
		{65B6F282-0234-48F8-B6B8-0D3E02AEE0BE}.Release|Any CPU.ActiveCfg = Release|Any CPU
		{65B6F282-0234-48F8-B6B8-0D3E02AEE0BE}.Release|Any CPU.Build.0 = Release|Any CPU
	EndGlobalSection
	GlobalSection(SolutionProperties) = preSolution
		HideSolutionNode = FALSE
	EndGlobalSection
	GlobalSection(NestedProjects) = preSolution
		{F6CDD355-9D4A-4A57-8D57-74F2DBCDBFA3} = {F8ACEF9F-B67E-404E-B2F1-7AE28239BB68}
		{CEE6A045-40E0-4781-8A30-304969B9D7C2} = {1C08D32C-CE6E-46BD-A468-F26E3AED7D51}
		{FCB0F13A-B412-4340-B077-D3E7A60A9DD7} = {CEE6A045-40E0-4781-8A30-304969B9D7C2}
		{86F685FB-24B6-4ADA-88A5-422733E7B031} = {2C9C202E-970B-4CB1-9F9B-96EBC83FE541}
		{FE57F5A5-433D-413E-9B97-D3FD169CC245} = {07DEEBC9-C79C-4622-877B-41D6580F6DDD}
		{8EA9F43D-3B41-40A4-88D7-68AF33F90C55} = {0B66C3BA-832B-435F-B097-11DB1C265D69}
		{6049147A-DB45-4A3F-AD9C-E67D5F1F8145} = {0B66C3BA-832B-435F-B097-11DB1C265D69}
		{59687538-4A64-46DD-9E55-C312CC052C9A} = {0B66C3BA-832B-435F-B097-11DB1C265D69}
		{65B6F282-0234-48F8-B6B8-0D3E02AEE0BE} = {91042044-6FC4-4F9A-9D7A-F29A35D490C1}
	EndGlobalSection
EndGlobal
