
Microsoft Visual Studio Solution File, Format Version 12.00
# Visual Studio 14
VisualStudioVersion = 14.0.25420.1
MinimumVisualStudioVersion = 10.0.40219.1
Project("{2150E333-8FDC-42A3-9474-1A3956D46DE8}") = "01. Core", "01. Core", "{4E750A65-E3DF-4030-ACC0-C47FBDAA615C}"
EndProject
Project("{2150E333-8FDC-42A3-9474-1A3956D46DE8}") = "02. Data Access Layer", "02. Data Access Layer", "{8F0F8AAE-AE43-4823-AD6A-2D573DDB9EBE}"
EndProject
Project("{2150E333-8FDC-42A3-9474-1A3956D46DE8}") = "03. Host Layer", "03. Host Layer", "{4E5FA21D-715A-41BB-B215-8A7972362739}"
EndProject
Project("{2150E333-8FDC-42A3-9474-1A3956D46DE8}") = "04. Tests", "04. Tests", "{61FEE5E3-A936-4471-89F8-B1A4637FADF7}"
EndProject
Project("{2150E333-8FDC-42A3-9474-1A3956D46DE8}") = "01. Unit Tests", "01. Unit Tests", "{CAE43B3B-7250-43E3-B4FE-DC28D81805D0}"
EndProject
Project("{2150E333-8FDC-42A3-9474-1A3956D46DE8}") = "02. Function Tests", "02. Function Tests", "{8B906AE7-E90F-4759-BBB9-6F19C80B3114}"
EndProject
Project("{8BB2217D-0F2D-49D1-97BC-3654ED321F3B}") = "SimpleIdentityServer.RateLimitation", "src\SimpleIdentityServer.RateLimitation\SimpleIdentityServer.RateLimitation.xproj", "{DF0EED7B-81EB-47FF-92D0-B6223B2A1594}"
EndProject
Project("{8BB2217D-0F2D-49D1-97BC-3654ED321F3B}") = "SimpleIdentityServer.Core.Common", "src\SimpleIdentityServer.Core.Common\SimpleIdentityServer.Core.Common.xproj", "{8EA9F43D-3B41-40A4-88D7-68AF33F90C55}"
EndProject
Project("{8BB2217D-0F2D-49D1-97BC-3654ED321F3B}") = "SimpleIdentityServer.Core.Jwt", "src\SimpleIdentityServer.Core.Jwt\SimpleIdentityServer.Core.Jwt.xproj", "{7709D106-0AA1-4FE2-BE16-9E997F483311}"
EndProject
Project("{8BB2217D-0F2D-49D1-97BC-3654ED321F3B}") = "SimpleIdentityServer.Logging", "src\SimpleIdentityServer.Logging\SimpleIdentityServer.Logging.xproj", "{797FB01A-3748-4FDF-B031-D7A1F8498142}"
EndProject
Project("{8BB2217D-0F2D-49D1-97BC-3654ED321F3B}") = "SimpleIdentityServer.Core", "src\SimpleIdentityServer.Core\SimpleIdentityServer.Core.xproj", "{E0C0193B-1244-4517-94FA-8086FD2960DD}"
EndProject
Project("{8BB2217D-0F2D-49D1-97BC-3654ED321F3B}") = "SimpleIdentityServer.DataAccess.Fake", "src\SimpleIdentityServer.DataAccess.Fake\SimpleIdentityServer.DataAccess.Fake.xproj", "{C6A67FB8-DD94-490E-B7EE-F2E4C3BB31BA}"
EndProject
Project("{8BB2217D-0F2D-49D1-97BC-3654ED321F3B}") = "SimpleIdentityServer.DataAccess.SqlServer", "src\SimpleIdentityServer.DataAccess.SqlServer\SimpleIdentityServer.DataAccess.SqlServer.xproj", "{B56B6AE1-E9AA-49CB-9943-CA0AFD69705F}"
EndProject
Project("{8BB2217D-0F2D-49D1-97BC-3654ED321F3B}") = "SimpleIdentityServer.Core.Jwt.UnitTests", "tests\SimpleIdentityServer.Core.Jwt.UnitTests\SimpleIdentityServer.Core.Jwt.UnitTests.xproj", "{4D20A2F5-FA59-437D-9321-FE193517588A}"
EndProject
Project("{8BB2217D-0F2D-49D1-97BC-3654ED321F3B}") = "SimpleIdentityServer.Core.UnitTests", "tests\SimpleIdentityServer.Core.UnitTests\SimpleIdentityServer.Core.UnitTests.xproj", "{FCB0F13A-B412-4340-B077-D3E7A60A9DD7}"
EndProject
Project("{8BB2217D-0F2D-49D1-97BC-3654ED321F3B}") = "SimpleIdentityServer.Host", "src\SimpleIdentityServer.Host\SimpleIdentityServer.Host.xproj", "{6D8192C8-37CC-481E-83CA-6D2E3BCBEE09}"
EndProject
Project("{2150E333-8FDC-42A3-9474-1A3956D46DE8}") = "Solution Items", "Solution Items", "{1BAAD7EA-003D-4F44-9C42-E2890FC54E9E}"
	ProjectSection(SolutionItems) = preProject
		global.json = global.json
	EndProjectSection
EndProject
Project("{2150E333-8FDC-42A3-9474-1A3956D46DE8}") = "03. Integration Tests", "03. Integration Tests", "{17B98C75-B2C6-4B33-8865-A3832E3AB0CC}"
EndProject
Project("{FAE04EC0-301F-11D3-BF4B-00C04F79EFBC}") = "SimpleIdentityServer.Logging.Consumer", "tests\SimpleIdentityServer.Logging.Consumer\SimpleIdentityServer.Logging.Consumer.csproj", "{8B826264-E6B7-4119-B58F-C2E04342FD64}"
EndProject
Project("{8BB2217D-0F2D-49D1-97BC-3654ED321F3B}") = "SimpleIdentityServer.Startup", "src\SimpleIdentityServer.Startup\SimpleIdentityServer.Startup.xproj", "{C29236B5-EEAF-4832-8277-86147FE83524}"
EndProject
Project("{8BB2217D-0F2D-49D1-97BC-3654ED321F3B}") = "System.Security.Cryptography.Algorithms.Extensions", "src\System.Security.Cryptography.Algorithms.Extensions\System.Security.Cryptography.Algorithms.Extensions.xproj", "{4940E66D-CAF7-476E-BA8D-2F612C38F11F}"
EndProject
Project("{8BB2217D-0F2D-49D1-97BC-3654ED321F3B}") = "SimpleIdentityServer.Configuration.Client", "src\SimpleIdentityServer.Configuration.Client\SimpleIdentityServer.Configuration.Client.xproj", "{65B6F282-0234-48F8-B6B8-0D3E02AEE0BE}"
EndProject
Project("{8BB2217D-0F2D-49D1-97BC-3654ED321F3B}") = "SimpleIdentityServer.Client", "src\SimpleIdentityServer.Client\SimpleIdentityServer.Client.xproj", "{8562EA86-1ACB-4A83-9175-8BFCB133EB4D}"
EndProject
Project("{8BB2217D-0F2D-49D1-97BC-3654ED321F3B}") = "WsFederation", "src\WsFederation\WsFederation.xproj", "{425AEB49-216C-4FE1-AC85-286DEBFAD63A}"
EndProject
Project("{8BB2217D-0F2D-49D1-97BC-3654ED321F3B}") = "Serilog.Sinks.ElasticSearch", "src\Serilog.Sinks.ElasticSearch\Serilog.Sinks.ElasticSearch.xproj", "{CEEC154A-1A13-4BCB-ABF5-5CED02E0C145}"
EndProject
Global
	GlobalSection(SolutionConfigurationPlatforms) = preSolution
		Debug|Any CPU = Debug|Any CPU
		Fake|Any CPU = Fake|Any CPU
		Release|Any CPU = Release|Any CPU
	EndGlobalSection
	GlobalSection(ProjectConfigurationPlatforms) = postSolution
		{DF0EED7B-81EB-47FF-92D0-B6223B2A1594}.Debug|Any CPU.ActiveCfg = Debug|Any CPU
		{DF0EED7B-81EB-47FF-92D0-B6223B2A1594}.Debug|Any CPU.Build.0 = Debug|Any CPU
		{DF0EED7B-81EB-47FF-92D0-B6223B2A1594}.Fake|Any CPU.ActiveCfg = Release|Any CPU
		{DF0EED7B-81EB-47FF-92D0-B6223B2A1594}.Fake|Any CPU.Build.0 = Release|Any CPU
		{DF0EED7B-81EB-47FF-92D0-B6223B2A1594}.Release|Any CPU.ActiveCfg = Release|Any CPU
		{DF0EED7B-81EB-47FF-92D0-B6223B2A1594}.Release|Any CPU.Build.0 = Release|Any CPU
		{8EA9F43D-3B41-40A4-88D7-68AF33F90C55}.Debug|Any CPU.ActiveCfg = Debug|Any CPU
		{8EA9F43D-3B41-40A4-88D7-68AF33F90C55}.Debug|Any CPU.Build.0 = Debug|Any CPU
		{8EA9F43D-3B41-40A4-88D7-68AF33F90C55}.Fake|Any CPU.ActiveCfg = Release|Any CPU
		{8EA9F43D-3B41-40A4-88D7-68AF33F90C55}.Fake|Any CPU.Build.0 = Release|Any CPU
		{8EA9F43D-3B41-40A4-88D7-68AF33F90C55}.Release|Any CPU.ActiveCfg = Release|Any CPU
		{8EA9F43D-3B41-40A4-88D7-68AF33F90C55}.Release|Any CPU.Build.0 = Release|Any CPU
		{7709D106-0AA1-4FE2-BE16-9E997F483311}.Debug|Any CPU.ActiveCfg = Debug|Any CPU
		{7709D106-0AA1-4FE2-BE16-9E997F483311}.Debug|Any CPU.Build.0 = Debug|Any CPU
		{7709D106-0AA1-4FE2-BE16-9E997F483311}.Fake|Any CPU.ActiveCfg = Release|Any CPU
		{7709D106-0AA1-4FE2-BE16-9E997F483311}.Fake|Any CPU.Build.0 = Release|Any CPU
		{7709D106-0AA1-4FE2-BE16-9E997F483311}.Release|Any CPU.ActiveCfg = Release|Any CPU
		{7709D106-0AA1-4FE2-BE16-9E997F483311}.Release|Any CPU.Build.0 = Release|Any CPU
		{797FB01A-3748-4FDF-B031-D7A1F8498142}.Debug|Any CPU.ActiveCfg = Debug|Any CPU
		{797FB01A-3748-4FDF-B031-D7A1F8498142}.Debug|Any CPU.Build.0 = Debug|Any CPU
		{797FB01A-3748-4FDF-B031-D7A1F8498142}.Fake|Any CPU.ActiveCfg = Release|Any CPU
		{797FB01A-3748-4FDF-B031-D7A1F8498142}.Fake|Any CPU.Build.0 = Release|Any CPU
		{797FB01A-3748-4FDF-B031-D7A1F8498142}.Release|Any CPU.ActiveCfg = Release|Any CPU
		{797FB01A-3748-4FDF-B031-D7A1F8498142}.Release|Any CPU.Build.0 = Release|Any CPU
		{E0C0193B-1244-4517-94FA-8086FD2960DD}.Debug|Any CPU.ActiveCfg = Debug|Any CPU
		{E0C0193B-1244-4517-94FA-8086FD2960DD}.Debug|Any CPU.Build.0 = Debug|Any CPU
		{E0C0193B-1244-4517-94FA-8086FD2960DD}.Fake|Any CPU.ActiveCfg = Release|Any CPU
		{E0C0193B-1244-4517-94FA-8086FD2960DD}.Fake|Any CPU.Build.0 = Release|Any CPU
		{E0C0193B-1244-4517-94FA-8086FD2960DD}.Release|Any CPU.ActiveCfg = Release|Any CPU
		{E0C0193B-1244-4517-94FA-8086FD2960DD}.Release|Any CPU.Build.0 = Release|Any CPU
		{C6A67FB8-DD94-490E-B7EE-F2E4C3BB31BA}.Debug|Any CPU.ActiveCfg = Debug|Any CPU
		{C6A67FB8-DD94-490E-B7EE-F2E4C3BB31BA}.Debug|Any CPU.Build.0 = Debug|Any CPU
		{C6A67FB8-DD94-490E-B7EE-F2E4C3BB31BA}.Fake|Any CPU.ActiveCfg = Release|Any CPU
		{C6A67FB8-DD94-490E-B7EE-F2E4C3BB31BA}.Fake|Any CPU.Build.0 = Release|Any CPU
		{C6A67FB8-DD94-490E-B7EE-F2E4C3BB31BA}.Release|Any CPU.ActiveCfg = Release|Any CPU
		{C6A67FB8-DD94-490E-B7EE-F2E4C3BB31BA}.Release|Any CPU.Build.0 = Release|Any CPU
		{B56B6AE1-E9AA-49CB-9943-CA0AFD69705F}.Debug|Any CPU.ActiveCfg = Debug|Any CPU
		{B56B6AE1-E9AA-49CB-9943-CA0AFD69705F}.Debug|Any CPU.Build.0 = Debug|Any CPU
		{B56B6AE1-E9AA-49CB-9943-CA0AFD69705F}.Fake|Any CPU.ActiveCfg = Release|Any CPU
		{B56B6AE1-E9AA-49CB-9943-CA0AFD69705F}.Fake|Any CPU.Build.0 = Release|Any CPU
		{B56B6AE1-E9AA-49CB-9943-CA0AFD69705F}.Release|Any CPU.ActiveCfg = Release|Any CPU
		{B56B6AE1-E9AA-49CB-9943-CA0AFD69705F}.Release|Any CPU.Build.0 = Release|Any CPU
		{4D20A2F5-FA59-437D-9321-FE193517588A}.Debug|Any CPU.ActiveCfg = Debug|Any CPU
		{4D20A2F5-FA59-437D-9321-FE193517588A}.Debug|Any CPU.Build.0 = Debug|Any CPU
		{4D20A2F5-FA59-437D-9321-FE193517588A}.Fake|Any CPU.ActiveCfg = Release|Any CPU
		{4D20A2F5-FA59-437D-9321-FE193517588A}.Fake|Any CPU.Build.0 = Release|Any CPU
		{4D20A2F5-FA59-437D-9321-FE193517588A}.Release|Any CPU.ActiveCfg = Release|Any CPU
		{4D20A2F5-FA59-437D-9321-FE193517588A}.Release|Any CPU.Build.0 = Release|Any CPU
		{FCB0F13A-B412-4340-B077-D3E7A60A9DD7}.Debug|Any CPU.ActiveCfg = Debug|Any CPU
		{FCB0F13A-B412-4340-B077-D3E7A60A9DD7}.Debug|Any CPU.Build.0 = Debug|Any CPU
		{FCB0F13A-B412-4340-B077-D3E7A60A9DD7}.Fake|Any CPU.ActiveCfg = Release|Any CPU
		{FCB0F13A-B412-4340-B077-D3E7A60A9DD7}.Fake|Any CPU.Build.0 = Release|Any CPU
		{FCB0F13A-B412-4340-B077-D3E7A60A9DD7}.Release|Any CPU.ActiveCfg = Release|Any CPU
		{FCB0F13A-B412-4340-B077-D3E7A60A9DD7}.Release|Any CPU.Build.0 = Release|Any CPU
		{6D8192C8-37CC-481E-83CA-6D2E3BCBEE09}.Debug|Any CPU.ActiveCfg = Debug|Any CPU
		{6D8192C8-37CC-481E-83CA-6D2E3BCBEE09}.Debug|Any CPU.Build.0 = Debug|Any CPU
		{6D8192C8-37CC-481E-83CA-6D2E3BCBEE09}.Fake|Any CPU.ActiveCfg = Release|Any CPU
		{6D8192C8-37CC-481E-83CA-6D2E3BCBEE09}.Fake|Any CPU.Build.0 = Release|Any CPU
		{6D8192C8-37CC-481E-83CA-6D2E3BCBEE09}.Release|Any CPU.ActiveCfg = Release|Any CPU
		{6D8192C8-37CC-481E-83CA-6D2E3BCBEE09}.Release|Any CPU.Build.0 = Release|Any CPU
		{8B826264-E6B7-4119-B58F-C2E04342FD64}.Debug|Any CPU.ActiveCfg = Debug|Any CPU
		{8B826264-E6B7-4119-B58F-C2E04342FD64}.Debug|Any CPU.Build.0 = Debug|Any CPU
		{8B826264-E6B7-4119-B58F-C2E04342FD64}.Fake|Any CPU.ActiveCfg = Fake|Any CPU
		{8B826264-E6B7-4119-B58F-C2E04342FD64}.Fake|Any CPU.Build.0 = Fake|Any CPU
		{8B826264-E6B7-4119-B58F-C2E04342FD64}.Release|Any CPU.ActiveCfg = Release|Any CPU
		{8B826264-E6B7-4119-B58F-C2E04342FD64}.Release|Any CPU.Build.0 = Release|Any CPU
		{C29236B5-EEAF-4832-8277-86147FE83524}.Debug|Any CPU.ActiveCfg = Debug|Any CPU
		{C29236B5-EEAF-4832-8277-86147FE83524}.Debug|Any CPU.Build.0 = Debug|Any CPU
		{C29236B5-EEAF-4832-8277-86147FE83524}.Fake|Any CPU.ActiveCfg = Debug|Any CPU
		{C29236B5-EEAF-4832-8277-86147FE83524}.Fake|Any CPU.Build.0 = Debug|Any CPU
		{C29236B5-EEAF-4832-8277-86147FE83524}.Release|Any CPU.ActiveCfg = Release|Any CPU
		{C29236B5-EEAF-4832-8277-86147FE83524}.Release|Any CPU.Build.0 = Release|Any CPU
		{4940E66D-CAF7-476E-BA8D-2F612C38F11F}.Debug|Any CPU.ActiveCfg = Debug|Any CPU
		{4940E66D-CAF7-476E-BA8D-2F612C38F11F}.Debug|Any CPU.Build.0 = Debug|Any CPU
		{4940E66D-CAF7-476E-BA8D-2F612C38F11F}.Fake|Any CPU.ActiveCfg = Debug|Any CPU
		{4940E66D-CAF7-476E-BA8D-2F612C38F11F}.Fake|Any CPU.Build.0 = Debug|Any CPU
		{4940E66D-CAF7-476E-BA8D-2F612C38F11F}.Release|Any CPU.ActiveCfg = Release|Any CPU
		{4940E66D-CAF7-476E-BA8D-2F612C38F11F}.Release|Any CPU.Build.0 = Release|Any CPU
		{65B6F282-0234-48F8-B6B8-0D3E02AEE0BE}.Debug|Any CPU.ActiveCfg = Debug|Any CPU
		{65B6F282-0234-48F8-B6B8-0D3E02AEE0BE}.Debug|Any CPU.Build.0 = Debug|Any CPU
		{65B6F282-0234-48F8-B6B8-0D3E02AEE0BE}.Fake|Any CPU.ActiveCfg = Debug|Any CPU
		{65B6F282-0234-48F8-B6B8-0D3E02AEE0BE}.Fake|Any CPU.Build.0 = Debug|Any CPU
		{65B6F282-0234-48F8-B6B8-0D3E02AEE0BE}.Release|Any CPU.ActiveCfg = Release|Any CPU
		{65B6F282-0234-48F8-B6B8-0D3E02AEE0BE}.Release|Any CPU.Build.0 = Release|Any CPU
		{8562EA86-1ACB-4A83-9175-8BFCB133EB4D}.Debug|Any CPU.ActiveCfg = Debug|Any CPU
		{8562EA86-1ACB-4A83-9175-8BFCB133EB4D}.Debug|Any CPU.Build.0 = Debug|Any CPU
		{8562EA86-1ACB-4A83-9175-8BFCB133EB4D}.Fake|Any CPU.ActiveCfg = Debug|Any CPU
		{8562EA86-1ACB-4A83-9175-8BFCB133EB4D}.Fake|Any CPU.Build.0 = Debug|Any CPU
		{8562EA86-1ACB-4A83-9175-8BFCB133EB4D}.Release|Any CPU.ActiveCfg = Release|Any CPU
		{8562EA86-1ACB-4A83-9175-8BFCB133EB4D}.Release|Any CPU.Build.0 = Release|Any CPU
		{425AEB49-216C-4FE1-AC85-286DEBFAD63A}.Debug|Any CPU.ActiveCfg = Debug|Any CPU
		{425AEB49-216C-4FE1-AC85-286DEBFAD63A}.Debug|Any CPU.Build.0 = Debug|Any CPU
		{425AEB49-216C-4FE1-AC85-286DEBFAD63A}.Fake|Any CPU.ActiveCfg = Debug|Any CPU
		{425AEB49-216C-4FE1-AC85-286DEBFAD63A}.Fake|Any CPU.Build.0 = Debug|Any CPU
		{425AEB49-216C-4FE1-AC85-286DEBFAD63A}.Release|Any CPU.ActiveCfg = Release|Any CPU
		{425AEB49-216C-4FE1-AC85-286DEBFAD63A}.Release|Any CPU.Build.0 = Release|Any CPU
		{CEEC154A-1A13-4BCB-ABF5-5CED02E0C145}.Debug|Any CPU.ActiveCfg = Debug|Any CPU
		{CEEC154A-1A13-4BCB-ABF5-5CED02E0C145}.Debug|Any CPU.Build.0 = Debug|Any CPU
		{CEEC154A-1A13-4BCB-ABF5-5CED02E0C145}.Fake|Any CPU.ActiveCfg = Debug|Any CPU
		{CEEC154A-1A13-4BCB-ABF5-5CED02E0C145}.Fake|Any CPU.Build.0 = Debug|Any CPU
		{CEEC154A-1A13-4BCB-ABF5-5CED02E0C145}.Release|Any CPU.ActiveCfg = Release|Any CPU
		{CEEC154A-1A13-4BCB-ABF5-5CED02E0C145}.Release|Any CPU.Build.0 = Release|Any CPU
	EndGlobalSection
	GlobalSection(SolutionProperties) = preSolution
		HideSolutionNode = FALSE
	EndGlobalSection
	GlobalSection(NestedProjects) = preSolution
		{CAE43B3B-7250-43E3-B4FE-DC28D81805D0} = {61FEE5E3-A936-4471-89F8-B1A4637FADF7}
		{8B906AE7-E90F-4759-BBB9-6F19C80B3114} = {61FEE5E3-A936-4471-89F8-B1A4637FADF7}
		{DF0EED7B-81EB-47FF-92D0-B6223B2A1594} = {4E5FA21D-715A-41BB-B215-8A7972362739}
		{8EA9F43D-3B41-40A4-88D7-68AF33F90C55} = {4E750A65-E3DF-4030-ACC0-C47FBDAA615C}
		{7709D106-0AA1-4FE2-BE16-9E997F483311} = {4E750A65-E3DF-4030-ACC0-C47FBDAA615C}
		{797FB01A-3748-4FDF-B031-D7A1F8498142} = {4E750A65-E3DF-4030-ACC0-C47FBDAA615C}
		{E0C0193B-1244-4517-94FA-8086FD2960DD} = {4E750A65-E3DF-4030-ACC0-C47FBDAA615C}
		{C6A67FB8-DD94-490E-B7EE-F2E4C3BB31BA} = {8F0F8AAE-AE43-4823-AD6A-2D573DDB9EBE}
		{B56B6AE1-E9AA-49CB-9943-CA0AFD69705F} = {8F0F8AAE-AE43-4823-AD6A-2D573DDB9EBE}
		{4D20A2F5-FA59-437D-9321-FE193517588A} = {CAE43B3B-7250-43E3-B4FE-DC28D81805D0}
		{FCB0F13A-B412-4340-B077-D3E7A60A9DD7} = {CAE43B3B-7250-43E3-B4FE-DC28D81805D0}
		{6D8192C8-37CC-481E-83CA-6D2E3BCBEE09} = {4E5FA21D-715A-41BB-B215-8A7972362739}
		{17B98C75-B2C6-4B33-8865-A3832E3AB0CC} = {61FEE5E3-A936-4471-89F8-B1A4637FADF7}
		{8B826264-E6B7-4119-B58F-C2E04342FD64} = {17B98C75-B2C6-4B33-8865-A3832E3AB0CC}
		{C29236B5-EEAF-4832-8277-86147FE83524} = {4E5FA21D-715A-41BB-B215-8A7972362739}
		{4940E66D-CAF7-476E-BA8D-2F612C38F11F} = {4E750A65-E3DF-4030-ACC0-C47FBDAA615C}
		{65B6F282-0234-48F8-B6B8-0D3E02AEE0BE} = {4E750A65-E3DF-4030-ACC0-C47FBDAA615C}
		{8562EA86-1ACB-4A83-9175-8BFCB133EB4D} = {4E750A65-E3DF-4030-ACC0-C47FBDAA615C}
		{425AEB49-216C-4FE1-AC85-286DEBFAD63A} = {4E750A65-E3DF-4030-ACC0-C47FBDAA615C}
		{CEEC154A-1A13-4BCB-ABF5-5CED02E0C145} = {4E750A65-E3DF-4030-ACC0-C47FBDAA615C}
	EndGlobalSection
EndGlobal
