
Microsoft Visual Studio Solution File, Format Version 12.00
# Visual Studio 14
VisualStudioVersion = 14.0.25123.0
MinimumVisualStudioVersion = 10.0.40219.1
Project("{2150E333-8FDC-42A3-9474-1A3956D46DE8}") = "01. Core Layer", "01. Core Layer", "{F8ACEF9F-B67E-404E-B2F1-7AE28239BB68}"
EndProject
Project("{2150E333-8FDC-42A3-9474-1A3956D46DE8}") = "02. Data Layer", "02. Data Layer", "{2C9C202E-970B-4CB1-9F9B-96EBC83FE541}"
EndProject
Project("{2150E333-8FDC-42A3-9474-1A3956D46DE8}") = "03. Hosting Layer", "03. Hosting Layer", "{07DEEBC9-C79C-4622-877B-41D6580F6DDD}"
EndProject
Project("{2150E333-8FDC-42A3-9474-1A3956D46DE8}") = "04. Unit Testing Layer", "04. Unit Testing Layer", "{1C08D32C-CE6E-46BD-A468-F26E3AED7D51}"
EndProject
Project("{8BB2217D-0F2D-49D1-97BC-3654ED321F3B}") = "SimpleIdentityServer.Configuration.Core", "src\SimpleIdentityServer.Configuration.Core\SimpleIdentityServer.Configuration.Core.xproj", "{F6CDD355-9D4A-4A57-8D57-74F2DBCDBFA3}"
EndProject
Project("{2150E333-8FDC-42A3-9474-1A3956D46DE8}") = "01. Unit tests", "01. Unit tests", "{CEE6A045-40E0-4781-8A30-304969B9D7C2}"
EndProject
Project("{8BB2217D-0F2D-49D1-97BC-3654ED321F3B}") = "SimpleIdentityServer.Configuration.Core.Tests", "tests\SimpleIdentityServer.Configuration.Core.Tests\SimpleIdentityServer.Configuration.Core.Tests.xproj", "{FCB0F13A-B412-4340-B077-D3E7A60A9DD7}"
EndProject
Project("{8BB2217D-0F2D-49D1-97BC-3654ED321F3B}") = "SimpleIdentityServer.Configuration.EF", "src\SimpleIdentityServer.Configuration.EF\SimpleIdentityServer.Configuration.EF.xproj", "{86F685FB-24B6-4ADA-88A5-422733E7B031}"
EndProject
Project("{8BB2217D-0F2D-49D1-97BC-3654ED321F3B}") = "SimpleIdentityServer.Configuration.Startup", "src\SimpleIdentityServer.Configuration.Startup\SimpleIdentityServer.Configuration.Startup.xproj", "{FE57F5A5-433D-413E-9B97-D3FD169CC245}"
EndProject
Global
	GlobalSection(SolutionConfigurationPlatforms) = preSolution
		Debug|Any CPU = Debug|Any CPU
		Release|Any CPU = Release|Any CPU
	EndGlobalSection
	GlobalSection(ProjectConfigurationPlatforms) = postSolution
		{F6CDD355-9D4A-4A57-8D57-74F2DBCDBFA3}.Debug|Any CPU.ActiveCfg = Debug|Any CPU
		{F6CDD355-9D4A-4A57-8D57-74F2DBCDBFA3}.Debug|Any CPU.Build.0 = Debug|Any CPU
		{F6CDD355-9D4A-4A57-8D57-74F2DBCDBFA3}.Release|Any CPU.ActiveCfg = Release|Any CPU
		{F6CDD355-9D4A-4A57-8D57-74F2DBCDBFA3}.Release|Any CPU.Build.0 = Release|Any CPU
		{FCB0F13A-B412-4340-B077-D3E7A60A9DD7}.Debug|Any CPU.ActiveCfg = Debug|Any CPU
		{FCB0F13A-B412-4340-B077-D3E7A60A9DD7}.Debug|Any CPU.Build.0 = Debug|Any CPU
		{FCB0F13A-B412-4340-B077-D3E7A60A9DD7}.Release|Any CPU.ActiveCfg = Release|Any CPU
		{FCB0F13A-B412-4340-B077-D3E7A60A9DD7}.Release|Any CPU.Build.0 = Release|Any CPU
		{86F685FB-24B6-4ADA-88A5-422733E7B031}.Debug|Any CPU.ActiveCfg = Debug|Any CPU
		{86F685FB-24B6-4ADA-88A5-422733E7B031}.Debug|Any CPU.Build.0 = Debug|Any CPU
		{86F685FB-24B6-4ADA-88A5-422733E7B031}.Release|Any CPU.ActiveCfg = Release|Any CPU
		{86F685FB-24B6-4ADA-88A5-422733E7B031}.Release|Any CPU.Build.0 = Release|Any CPU
		{FE57F5A5-433D-413E-9B97-D3FD169CC245}.Debug|Any CPU.ActiveCfg = Debug|Any CPU
		{FE57F5A5-433D-413E-9B97-D3FD169CC245}.Debug|Any CPU.Build.0 = Debug|Any CPU
		{FE57F5A5-433D-413E-9B97-D3FD169CC245}.Release|Any CPU.ActiveCfg = Release|Any CPU
		{FE57F5A5-433D-413E-9B97-D3FD169CC245}.Release|Any CPU.Build.0 = Release|Any CPU
	EndGlobalSection
	GlobalSection(SolutionProperties) = preSolution
		HideSolutionNode = FALSE
	EndGlobalSection
	GlobalSection(NestedProjects) = preSolution
		{F6CDD355-9D4A-4A57-8D57-74F2DBCDBFA3} = {F8ACEF9F-B67E-404E-B2F1-7AE28239BB68}
		{CEE6A045-40E0-4781-8A30-304969B9D7C2} = {1C08D32C-CE6E-46BD-A468-F26E3AED7D51}
		{FCB0F13A-B412-4340-B077-D3E7A60A9DD7} = {CEE6A045-40E0-4781-8A30-304969B9D7C2}
		{86F685FB-24B6-4ADA-88A5-422733E7B031} = {2C9C202E-970B-4CB1-9F9B-96EBC83FE541}
		{FE57F5A5-433D-413E-9B97-D3FD169CC245} = {07DEEBC9-C79C-4622-877B-41D6580F6DDD}
	EndGlobalSection
EndGlobal
