
Microsoft Visual Studio Solution File, Format Version 12.00
# Visual Studio 15
VisualStudioVersion = 15.0.27130.0
MinimumVisualStudioVersion = 10.0.40219.1
Project("{2150E333-8FDC-42A3-9474-1A3956D46DE8}") = "01. Core Layer", "01. Core Layer", "{E69071DD-4007-4333-950E-0988517E5426}"
EndProject
Project("{2150E333-8FDC-42A3-9474-1A3956D46DE8}") = "02. Data Layer", "02. Data Layer", "{3F10F403-8B8F-4995-A41C-BDB3B2A14742}"
EndProject
Project("{2150E333-8FDC-42A3-9474-1A3956D46DE8}") = "03. Hosting Layer", "03. Hosting Layer", "{2B491E49-D3B7-45EA-BA78-E35F0AE74188}"
EndProject
Project("{2150E333-8FDC-42A3-9474-1A3956D46DE8}") = "05. Testing Layer", "05. Testing Layer", "{A2E898A8-D676-4552-A03A-03CC27C0ECDC}"
EndProject
Project("{2150E333-8FDC-42A3-9474-1A3956D46DE8}") = "04. Client Layer", "04. Client Layer", "{4BC2BB6B-6D37-44D2-A541-122567A25876}"
EndProject
Project("{9A19103F-16F7-4668-BE54-9A1E7A4F7556}") = "SimpleIdentityServer.Scim.Client.Tests", "tests\SimpleIdentityServer.Scim.Client.Tests\SimpleIdentityServer.Scim.Client.Tests.csproj", "{BACACEB8-3F49-4209-93B4-E09B37701327}"
EndProject
Project("{9A19103F-16F7-4668-BE54-9A1E7A4F7556}") = "SimpleIdentityServer.Scim.Core.Tests", "tests\SimpleIdentityServer.Scim.Core.Tests\SimpleIdentityServer.Scim.Core.Tests.csproj", "{D9A2BA64-8399-4D54-94FC-81A50F7F3C43}"
EndProject
Project("{9A19103F-16F7-4668-BE54-9A1E7A4F7556}") = "SimpleIdentityServer.Scim.Common", "src\Apis\Scim\SimpleIdentityServer.Scim.Common\SimpleIdentityServer.Scim.Common.csproj", "{2F70878B-125A-40FF-9571-413D03558526}"
EndProject
Project("{9A19103F-16F7-4668-BE54-9A1E7A4F7556}") = "SimpleIdentityServer.Scim.Core", "src\Apis\Scim\SimpleIdentityServer.Scim.Core\SimpleIdentityServer.Scim.Core.csproj", "{3FAA3F33-DE46-4417-A802-ECB0E91FB89D}"
EndProject
Project("{2150E333-8FDC-42A3-9474-1A3956D46DE8}") = "01. WebApiContrib", "01. WebApiContrib", "{6D98D446-5A28-45F4-B385-36CCC6A65051}"
EndProject
Project("{9A19103F-16F7-4668-BE54-9A1E7A4F7556}") = "WebApiContrib.Core.Concurrency", "src\Lib\WebApiContrib\WebApiContrib.Core.Concurrency\WebApiContrib.Core.Concurrency.csproj", "{16705ADF-C26E-41F0-9946-6ACE1ACE1069}"
EndProject
Project("{9A19103F-16F7-4668-BE54-9A1E7A4F7556}") = "WebApiContrib.Core.Storage.InMemory", "src\Lib\WebApiContrib\WebApiContrib.Core.Storage.InMemory\WebApiContrib.Core.Storage.InMemory.csproj", "{878B9F00-00CF-4A54-8DC8-3E8BFA09070B}"
EndProject
Project("{9A19103F-16F7-4668-BE54-9A1E7A4F7556}") = "WebApiContrib.Core.Storage", "src\Lib\WebApiContrib\WebApiContrib.Core.Storage\WebApiContrib.Core.Storage.csproj", "{DFF492B3-7D8F-4A51-9BE7-49A024A9D96B}"
EndProject
Project("{9A19103F-16F7-4668-BE54-9A1E7A4F7556}") = "SimpleIdentityServer.Scim.Db.EF", "src\Apis\Scim\SimpleIdentityServer.Scim.Db.EF\SimpleIdentityServer.Scim.Db.EF.csproj", "{29309641-1D21-413D-A24F-549D7BAB8F14}"
EndProject
Project("{9A19103F-16F7-4668-BE54-9A1E7A4F7556}") = "SimpleIdentityServer.Scim.Startup", "src\Apis\Scim\SimpleIdentityServer.Scim.Startup\SimpleIdentityServer.Scim.Startup.csproj", "{7B609C37-E930-4A62-A923-4A9D228956A3}"
EndProject
Project("{9A19103F-16F7-4668-BE54-9A1E7A4F7556}") = "SimpleIdentityServer.Scim.Client", "src\Apis\Scim\SimpleIdentityServer.Scim.Client\SimpleIdentityServer.Scim.Client.csproj", "{35785BCA-C581-4643-B8E9-852383E132E1}"
EndProject
Project("{9A19103F-16F7-4668-BE54-9A1E7A4F7556}") = "SimpleIdentityServer.Scim.Host", "src\Apis\Scim\SimpleIdentityServer.Scim.Host\SimpleIdentityServer.Scim.Host.csproj", "{1C08B0E0-818B-4726-B3BA-45EC74730078}"
EndProject
Project("{9A19103F-16F7-4668-BE54-9A1E7A4F7556}") = "WebApiContrib.Core.Storage.Redis", "src\Lib\WebApiContrib\WebApiContrib.Core.Storage.Redis\WebApiContrib.Core.Storage.Redis.csproj", "{A40E6E56-FBFE-477E-B4C8-63B99E24749F}"
EndProject
Project("{2150E333-8FDC-42A3-9474-1A3956D46DE8}") = "02. Bus", "02. Bus", "{D6572466-23D6-4C87-B36E-D44FB10BB072}"
EndProject
Project("{9A19103F-16F7-4668-BE54-9A1E7A4F7556}") = "SimpleBus.Core", "src\Lib\Bus\SimpleBus.Core\SimpleBus.Core.csproj", "{0ED2AE42-B6CC-4F13-B8BD-54CEFAEC43FC}"
EndProject
Project("{9A19103F-16F7-4668-BE54-9A1E7A4F7556}") = "SimpleBus.InMemory", "src\Lib\Bus\SimpleBus.InMemory\SimpleBus.InMemory.csproj", "{4F9AF921-128D-406D-BF70-E9E05FB00B76}"
EndProject
Project("{9A19103F-16F7-4668-BE54-9A1E7A4F7556}") = "SimpleIdentityServer.OAuth2Introspection", "src\Apis\SimpleIdServer\SimpleIdentityServer.OAuth2Introspection\SimpleIdentityServer.OAuth2Introspection.csproj", "{E7F60B77-472E-4234-ACC1-B53E7868D781}"
EndProject
Project("{9A19103F-16F7-4668-BE54-9A1E7A4F7556}") = "SimpleIdentityServer.Scim.Db.EF.InMemory", "src\Apis\Scim\SimpleIdentityServer.Scim.Db.EF.InMemory\SimpleIdentityServer.Scim.Db.EF.InMemory.csproj", "{83EF9D36-B732-40A7-BDAE-F4AF27427782}"
EndProject
Project("{9A19103F-16F7-4668-BE54-9A1E7A4F7556}") = "SimpleIdentityServer.Scim.Db.EF.Postgre", "src\Apis\Scim\SimpleIdentityServer.Scim.Db.EF.Postgre\SimpleIdentityServer.Scim.Db.EF.Postgre.csproj", "{0BC23ED0-C93F-41A7-81C3-E15196AB8D9F}"
EndProject
Project("{9A19103F-16F7-4668-BE54-9A1E7A4F7556}") = "SimpleIdentityServer.Scim.Db.EF.Sqlite", "src\Apis\Scim\SimpleIdentityServer.Scim.Db.EF.Sqlite\SimpleIdentityServer.Scim.Db.EF.Sqlite.csproj", "{84FE43C9-F004-47F3-8FFC-C2DC70640D7D}"
EndProject
Project("{9A19103F-16F7-4668-BE54-9A1E7A4F7556}") = "SimpleIdentityServer.Scim.Db.EF.SqlServer", "src\Apis\Scim\SimpleIdentityServer.Scim.Db.EF.SqlServer\SimpleIdentityServer.Scim.Db.EF.SqlServer.csproj", "{5CE059F3-4575-48EF-85D4-51B7EC9DA725}"
EndProject
Project("{2150E333-8FDC-42A3-9474-1A3956D46DE8}") = "01. SCIM", "01. SCIM", "{67C4F42A-9CE1-4D51-B3E7-C588816BD4F8}"
EndProject
Project("{9A19103F-16F7-4668-BE54-9A1E7A4F7556}") = "SimpleIdentityServer.Module", "src\Apis\Common\SimpleIdentityServer.Module\SimpleIdentityServer.Module.csproj", "{15F97349-A8F6-478F-9968-17CBB071E5A7}"
EndProject
Project("{9A19103F-16F7-4668-BE54-9A1E7A4F7556}") = "SimpleIdentityServer.Scim.Events", "src\Apis\Scim\SimpleIdentityServer.Scim.Events\SimpleIdentityServer.Scim.Events.csproj", "{2A5323AB-C9A7-4936-842C-1065614BA498}"
EndProject
Project("{9A19103F-16F7-4668-BE54-9A1E7A4F7556}") = "SimpleIdentityServer.UserInfoIntrospection", "src\Apis\SimpleIdServer\SimpleIdentityServer.UserInfoIntrospection\SimpleIdentityServer.UserInfoIntrospection.csproj", "{B371F7A3-BA85-4323-B697-02DFD6A31C81}"
EndProject
Project("{9A19103F-16F7-4668-BE54-9A1E7A4F7556}") = "SimpleIdentityServer.Client", "src\Apis\SimpleIdServer\SimpleIdentityServer.Client\SimpleIdentityServer.Client.csproj", "{A4F96E71-1F65-4D0F-84D8-D5574074E06B}"
EndProject
Project("{9A19103F-16F7-4668-BE54-9A1E7A4F7556}") = "SimpleIdentityServer.Core.Common", "src\Apis\SimpleIdServer\SimpleIdentityServer.Core.Common\SimpleIdentityServer.Core.Common.csproj", "{03CBB245-A3D2-4194-963D-F072F00C33B7}"
EndProject
Project("{9A19103F-16F7-4668-BE54-9A1E7A4F7556}") = "SimpleIdentityServer.Core.Jwt", "src\Apis\SimpleIdServer\SimpleIdentityServer.Core.Jwt\SimpleIdentityServer.Core.Jwt.csproj", "{1A22050C-4803-41AB-A6E4-1393CE14D806}"
EndProject
Project("{9A19103F-16F7-4668-BE54-9A1E7A4F7556}") = "SimpleIdentityServer.Core", "src\Apis\SimpleIdServer\SimpleIdentityServer.Core\SimpleIdentityServer.Core.csproj", "{9D6435BD-90C8-4AC3-84BC-B0F10A1E6642}"
EndProject
Project("{9A19103F-16F7-4668-BE54-9A1E7A4F7556}") = "System.Security.Cryptography.Algorithms.Extensions", "src\Lib\System.Security.Cryptography.Algorithms.Extensions\System.Security.Cryptography.Algorithms.Extensions.csproj", "{C771081E-A563-4404-8B57-105B0CA6646B}"
EndProject
Project("{9A19103F-16F7-4668-BE54-9A1E7A4F7556}") = "SimpleIdentityServer.Common.Client", "src\Apis\Common\SimpleIdentityServer.Common.Client\SimpleIdentityServer.Common.Client.csproj", "{62274DB2-8ABD-4513-8EEB-8D8FA70FC49E}"
EndProject
Project("{9A19103F-16F7-4668-BE54-9A1E7A4F7556}") = "SimpleIdentityServer.AccountFilter", "src\Apis\SimpleIdServer\SimpleIdentityServer.AccountFilter\SimpleIdentityServer.AccountFilter.csproj", "{95EAAC70-B54C-4579-84F6-E64F322A7182}"
EndProject
Project("{9A19103F-16F7-4668-BE54-9A1E7A4F7556}") = "SimpleIdentityServer.TwoFactorAuthentication", "src\Apis\SimpleIdServer\SimpleIdentityServer.TwoFactorAuthentication\SimpleIdentityServer.TwoFactorAuthentication.csproj", "{1FF9EF01-11FC-4CD8-8383-8804F54E5A8A}"
EndProject
Project("{9A19103F-16F7-4668-BE54-9A1E7A4F7556}") = "SimpleIdentityServer.Store", "src\Apis\SimpleIdServer\SimpleIdentityServer.Store\SimpleIdentityServer.Store.csproj", "{76E18C1B-E874-4A78-97A4-5426F0B359F4}"
EndProject
Project("{9A19103F-16F7-4668-BE54-9A1E7A4F7556}") = "SimpleIdentityServer.OpenId.Logging", "src\Apis\SimpleIdServer\SimpleIdentityServer.OpenId.Logging\SimpleIdentityServer.OpenId.Logging.csproj", "{C74EBBA3-DB08-423F-B65B-1A62B8563647}"
EndProject
Project("{9A19103F-16F7-4668-BE54-9A1E7A4F7556}") = "SimpleIdentityServer.OpenId.Events", "src\Apis\SimpleIdServer\SimpleIdentityServer.OpenId.Events\SimpleIdentityServer.OpenId.Events.csproj", "{AAB4EA0F-353D-4587-9826-CE5F0ABDF030}"
EndProject
Project("{9A19103F-16F7-4668-BE54-9A1E7A4F7556}") = "SimpleIdentityServer.Common.Dtos", "src\Apis\Common\SimpleIdentityServer.Common.Dtos\SimpleIdentityServer.Common.Dtos.csproj", "{CDB19880-E5E3-470E-BE49-F0AC1F944505}"
EndProject
Project("{9A19103F-16F7-4668-BE54-9A1E7A4F7556}") = "SimpleIdentityServer.OAuth.Events", "src\Apis\SimpleIdServer\SimpleIdentityServer.OAuth.Events\SimpleIdentityServer.OAuth.Events.csproj", "{793E45D7-1882-40EF-BDC3-84C5DCEF7C7E}"
EndProject
Project("{9A19103F-16F7-4668-BE54-9A1E7A4F7556}") = "SimpleIdentityServer.OAuth.Logging", "src\Apis\SimpleIdServer\SimpleIdentityServer.OAuth.Logging\SimpleIdentityServer.OAuth.Logging.csproj", "{4FAFE756-992B-4D92-9DA6-926F2BAF398B}"
EndProject
Project("{9A19103F-16F7-4668-BE54-9A1E7A4F7556}") = "SimpleIdentityServer.Logging", "src\Apis\Common\SimpleIdentityServer.Logging\SimpleIdentityServer.Logging.csproj", "{0C80FBFF-D13A-46F9-801C-9BA5900982C6}"
EndProject
Project("{2150E333-8FDC-42A3-9474-1A3956D46DE8}") = "03. SimpleIdServer", "03. SimpleIdServer", "{E5F3CC01-5760-4682-AF18-8216DEAE5024}"
EndProject
Project("{2150E333-8FDC-42A3-9474-1A3956D46DE8}") = "04. Mapping", "04. Mapping", "{28615E63-2AF5-4326-ACD3-6F3FB6B92338}"
EndProject
Project("{9A19103F-16F7-4668-BE54-9A1E7A4F7556}") = "SimpleIdentityServer.Scim.Mapping.Ad", "src\Apis\Scim\SimpleIdentityServer.Scim.Mapping.Ad\SimpleIdentityServer.Scim.Mapping.Ad.csproj", "{14DB8DF7-D592-4612-B155-4504B532029C}"
EndProject
Project("{9A19103F-16F7-4668-BE54-9A1E7A4F7556}") = "SimpleIdentityServer.Scim.Mapping.Ad.Tests", "tests\SimpleIdentityServer.Scim.Mapping.Ad.Tests\SimpleIdentityServer.Scim.Mapping.Ad.Tests.csproj", "{25D81B3A-9758-47F8-A919-985F346D932D}"
EndProject
Project("{9A19103F-16F7-4668-BE54-9A1E7A4F7556}") = "SimpleIdentityServer.Scim.Mapping", "src\Apis\Scim\SimpleIdentityServer.Scim.Mapping\SimpleIdentityServer.Scim.Mapping.csproj", "{C1A6DAF1-E30E-459E-8DEF-98B4A73892C8}"
EndProject
Project("{9A19103F-16F7-4668-BE54-9A1E7A4F7556}") = "SimpleIdentityServer.Scim.Mapping.Ad.InMemory", "src\Apis\Scim\SimpleIdentityServer.Scim.Mapping.Ad.InMemory\SimpleIdentityServer.Scim.Mapping.Ad.InMemory.csproj", "{FE8379F5-CBDF-4169-92CC-6067803EC23B}"
EndProject
Project("{9A19103F-16F7-4668-BE54-9A1E7A4F7556}") = "SimpleIdentityServer.Scim.Mapping.Ad.Common", "src\Apis\Scim\SimpleIdentityServer.Scim.Mapping.Ad.Common\SimpleIdentityServer.Scim.Mapping.Ad.Common.csproj", "{3F7B5ED6-31C2-466D-9F3A-0953D8F9AA35}"
EndProject
Project("{9A19103F-16F7-4668-BE54-9A1E7A4F7556}") = "SimpleIdentityServer.Scim.Mapping.Ad.Client", "src\Apis\Scim\SimpleIdentityServer.Scim.Mapping.Ad.Client\SimpleIdentityServer.Scim.Mapping.Ad.Client.csproj", "{76E5CAF1-C6C3-412F-A3A5-ADDA8F91DF2F}"
EndProject
Project("{9A19103F-16F7-4668-BE54-9A1E7A4F7556}") = "SimpleIdentityServer.Scim.Mapping.Ad.Client.Tests", "tests\SimpleIdentityServer.Scim.Mapping.Ad.Client.Tests\SimpleIdentityServer.Scim.Mapping.Ad.Client.Tests.csproj", "{1BEA3E01-B004-465C-B4C2-2CA04AA8B21C}"
EndProject
Global
	GlobalSection(SolutionConfigurationPlatforms) = preSolution
		Debug|Any CPU = Debug|Any CPU
		Release|Any CPU = Release|Any CPU
	EndGlobalSection
	GlobalSection(ProjectConfigurationPlatforms) = postSolution
		{BACACEB8-3F49-4209-93B4-E09B37701327}.Debug|Any CPU.ActiveCfg = Debug|Any CPU
		{BACACEB8-3F49-4209-93B4-E09B37701327}.Debug|Any CPU.Build.0 = Debug|Any CPU
		{BACACEB8-3F49-4209-93B4-E09B37701327}.Release|Any CPU.ActiveCfg = Release|Any CPU
		{BACACEB8-3F49-4209-93B4-E09B37701327}.Release|Any CPU.Build.0 = Release|Any CPU
		{D9A2BA64-8399-4D54-94FC-81A50F7F3C43}.Debug|Any CPU.ActiveCfg = Debug|Any CPU
		{D9A2BA64-8399-4D54-94FC-81A50F7F3C43}.Debug|Any CPU.Build.0 = Debug|Any CPU
		{D9A2BA64-8399-4D54-94FC-81A50F7F3C43}.Release|Any CPU.ActiveCfg = Release|Any CPU
		{D9A2BA64-8399-4D54-94FC-81A50F7F3C43}.Release|Any CPU.Build.0 = Release|Any CPU
		{2F70878B-125A-40FF-9571-413D03558526}.Debug|Any CPU.ActiveCfg = Debug|Any CPU
		{2F70878B-125A-40FF-9571-413D03558526}.Debug|Any CPU.Build.0 = Debug|Any CPU
		{2F70878B-125A-40FF-9571-413D03558526}.Release|Any CPU.ActiveCfg = Release|Any CPU
		{2F70878B-125A-40FF-9571-413D03558526}.Release|Any CPU.Build.0 = Release|Any CPU
		{3FAA3F33-DE46-4417-A802-ECB0E91FB89D}.Debug|Any CPU.ActiveCfg = Debug|Any CPU
		{3FAA3F33-DE46-4417-A802-ECB0E91FB89D}.Debug|Any CPU.Build.0 = Debug|Any CPU
		{3FAA3F33-DE46-4417-A802-ECB0E91FB89D}.Release|Any CPU.ActiveCfg = Release|Any CPU
		{3FAA3F33-DE46-4417-A802-ECB0E91FB89D}.Release|Any CPU.Build.0 = Release|Any CPU
		{16705ADF-C26E-41F0-9946-6ACE1ACE1069}.Debug|Any CPU.ActiveCfg = Debug|Any CPU
		{16705ADF-C26E-41F0-9946-6ACE1ACE1069}.Debug|Any CPU.Build.0 = Debug|Any CPU
		{16705ADF-C26E-41F0-9946-6ACE1ACE1069}.Release|Any CPU.ActiveCfg = Release|Any CPU
		{16705ADF-C26E-41F0-9946-6ACE1ACE1069}.Release|Any CPU.Build.0 = Release|Any CPU
		{878B9F00-00CF-4A54-8DC8-3E8BFA09070B}.Debug|Any CPU.ActiveCfg = Debug|Any CPU
		{878B9F00-00CF-4A54-8DC8-3E8BFA09070B}.Debug|Any CPU.Build.0 = Debug|Any CPU
		{878B9F00-00CF-4A54-8DC8-3E8BFA09070B}.Release|Any CPU.ActiveCfg = Release|Any CPU
		{878B9F00-00CF-4A54-8DC8-3E8BFA09070B}.Release|Any CPU.Build.0 = Release|Any CPU
		{DFF492B3-7D8F-4A51-9BE7-49A024A9D96B}.Debug|Any CPU.ActiveCfg = Debug|Any CPU
		{DFF492B3-7D8F-4A51-9BE7-49A024A9D96B}.Debug|Any CPU.Build.0 = Debug|Any CPU
		{DFF492B3-7D8F-4A51-9BE7-49A024A9D96B}.Release|Any CPU.ActiveCfg = Release|Any CPU
		{DFF492B3-7D8F-4A51-9BE7-49A024A9D96B}.Release|Any CPU.Build.0 = Release|Any CPU
		{29309641-1D21-413D-A24F-549D7BAB8F14}.Debug|Any CPU.ActiveCfg = Debug|Any CPU
		{29309641-1D21-413D-A24F-549D7BAB8F14}.Debug|Any CPU.Build.0 = Debug|Any CPU
		{29309641-1D21-413D-A24F-549D7BAB8F14}.Release|Any CPU.ActiveCfg = Release|Any CPU
		{29309641-1D21-413D-A24F-549D7BAB8F14}.Release|Any CPU.Build.0 = Release|Any CPU
		{7B609C37-E930-4A62-A923-4A9D228956A3}.Debug|Any CPU.ActiveCfg = Debug|Any CPU
		{7B609C37-E930-4A62-A923-4A9D228956A3}.Debug|Any CPU.Build.0 = Debug|Any CPU
		{7B609C37-E930-4A62-A923-4A9D228956A3}.Release|Any CPU.ActiveCfg = Release|Any CPU
		{7B609C37-E930-4A62-A923-4A9D228956A3}.Release|Any CPU.Build.0 = Release|Any CPU
		{35785BCA-C581-4643-B8E9-852383E132E1}.Debug|Any CPU.ActiveCfg = Debug|Any CPU
		{35785BCA-C581-4643-B8E9-852383E132E1}.Debug|Any CPU.Build.0 = Debug|Any CPU
		{35785BCA-C581-4643-B8E9-852383E132E1}.Release|Any CPU.ActiveCfg = Release|Any CPU
		{35785BCA-C581-4643-B8E9-852383E132E1}.Release|Any CPU.Build.0 = Release|Any CPU
		{1C08B0E0-818B-4726-B3BA-45EC74730078}.Debug|Any CPU.ActiveCfg = Debug|Any CPU
		{1C08B0E0-818B-4726-B3BA-45EC74730078}.Debug|Any CPU.Build.0 = Debug|Any CPU
		{1C08B0E0-818B-4726-B3BA-45EC74730078}.Release|Any CPU.ActiveCfg = Release|Any CPU
		{1C08B0E0-818B-4726-B3BA-45EC74730078}.Release|Any CPU.Build.0 = Release|Any CPU
		{A40E6E56-FBFE-477E-B4C8-63B99E24749F}.Debug|Any CPU.ActiveCfg = Debug|Any CPU
		{A40E6E56-FBFE-477E-B4C8-63B99E24749F}.Debug|Any CPU.Build.0 = Debug|Any CPU
		{A40E6E56-FBFE-477E-B4C8-63B99E24749F}.Release|Any CPU.ActiveCfg = Release|Any CPU
		{A40E6E56-FBFE-477E-B4C8-63B99E24749F}.Release|Any CPU.Build.0 = Release|Any CPU
		{0ED2AE42-B6CC-4F13-B8BD-54CEFAEC43FC}.Debug|Any CPU.ActiveCfg = Debug|Any CPU
		{0ED2AE42-B6CC-4F13-B8BD-54CEFAEC43FC}.Debug|Any CPU.Build.0 = Debug|Any CPU
		{0ED2AE42-B6CC-4F13-B8BD-54CEFAEC43FC}.Release|Any CPU.ActiveCfg = Release|Any CPU
		{0ED2AE42-B6CC-4F13-B8BD-54CEFAEC43FC}.Release|Any CPU.Build.0 = Release|Any CPU
		{4F9AF921-128D-406D-BF70-E9E05FB00B76}.Debug|Any CPU.ActiveCfg = Debug|Any CPU
		{4F9AF921-128D-406D-BF70-E9E05FB00B76}.Debug|Any CPU.Build.0 = Debug|Any CPU
		{4F9AF921-128D-406D-BF70-E9E05FB00B76}.Release|Any CPU.ActiveCfg = Release|Any CPU
		{4F9AF921-128D-406D-BF70-E9E05FB00B76}.Release|Any CPU.Build.0 = Release|Any CPU
		{E7F60B77-472E-4234-ACC1-B53E7868D781}.Debug|Any CPU.ActiveCfg = Debug|Any CPU
		{E7F60B77-472E-4234-ACC1-B53E7868D781}.Debug|Any CPU.Build.0 = Debug|Any CPU
		{E7F60B77-472E-4234-ACC1-B53E7868D781}.Release|Any CPU.ActiveCfg = Release|Any CPU
		{E7F60B77-472E-4234-ACC1-B53E7868D781}.Release|Any CPU.Build.0 = Release|Any CPU
		{83EF9D36-B732-40A7-BDAE-F4AF27427782}.Debug|Any CPU.ActiveCfg = Debug|Any CPU
		{83EF9D36-B732-40A7-BDAE-F4AF27427782}.Debug|Any CPU.Build.0 = Debug|Any CPU
		{83EF9D36-B732-40A7-BDAE-F4AF27427782}.Release|Any CPU.ActiveCfg = Release|Any CPU
		{83EF9D36-B732-40A7-BDAE-F4AF27427782}.Release|Any CPU.Build.0 = Release|Any CPU
		{0BC23ED0-C93F-41A7-81C3-E15196AB8D9F}.Debug|Any CPU.ActiveCfg = Debug|Any CPU
		{0BC23ED0-C93F-41A7-81C3-E15196AB8D9F}.Debug|Any CPU.Build.0 = Debug|Any CPU
		{0BC23ED0-C93F-41A7-81C3-E15196AB8D9F}.Release|Any CPU.ActiveCfg = Release|Any CPU
		{0BC23ED0-C93F-41A7-81C3-E15196AB8D9F}.Release|Any CPU.Build.0 = Release|Any CPU
		{84FE43C9-F004-47F3-8FFC-C2DC70640D7D}.Debug|Any CPU.ActiveCfg = Debug|Any CPU
		{84FE43C9-F004-47F3-8FFC-C2DC70640D7D}.Debug|Any CPU.Build.0 = Debug|Any CPU
		{84FE43C9-F004-47F3-8FFC-C2DC70640D7D}.Release|Any CPU.ActiveCfg = Release|Any CPU
		{84FE43C9-F004-47F3-8FFC-C2DC70640D7D}.Release|Any CPU.Build.0 = Release|Any CPU
		{5CE059F3-4575-48EF-85D4-51B7EC9DA725}.Debug|Any CPU.ActiveCfg = Debug|Any CPU
		{5CE059F3-4575-48EF-85D4-51B7EC9DA725}.Debug|Any CPU.Build.0 = Debug|Any CPU
		{5CE059F3-4575-48EF-85D4-51B7EC9DA725}.Release|Any CPU.ActiveCfg = Release|Any CPU
		{5CE059F3-4575-48EF-85D4-51B7EC9DA725}.Release|Any CPU.Build.0 = Release|Any CPU
		{15F97349-A8F6-478F-9968-17CBB071E5A7}.Debug|Any CPU.ActiveCfg = Debug|Any CPU
		{15F97349-A8F6-478F-9968-17CBB071E5A7}.Debug|Any CPU.Build.0 = Debug|Any CPU
		{15F97349-A8F6-478F-9968-17CBB071E5A7}.Release|Any CPU.ActiveCfg = Release|Any CPU
		{15F97349-A8F6-478F-9968-17CBB071E5A7}.Release|Any CPU.Build.0 = Release|Any CPU
		{2A5323AB-C9A7-4936-842C-1065614BA498}.Debug|Any CPU.ActiveCfg = Debug|Any CPU
		{2A5323AB-C9A7-4936-842C-1065614BA498}.Debug|Any CPU.Build.0 = Debug|Any CPU
		{2A5323AB-C9A7-4936-842C-1065614BA498}.Release|Any CPU.ActiveCfg = Release|Any CPU
		{2A5323AB-C9A7-4936-842C-1065614BA498}.Release|Any CPU.Build.0 = Release|Any CPU
		{B371F7A3-BA85-4323-B697-02DFD6A31C81}.Debug|Any CPU.ActiveCfg = Debug|Any CPU
		{B371F7A3-BA85-4323-B697-02DFD6A31C81}.Debug|Any CPU.Build.0 = Debug|Any CPU
		{B371F7A3-BA85-4323-B697-02DFD6A31C81}.Release|Any CPU.ActiveCfg = Release|Any CPU
		{B371F7A3-BA85-4323-B697-02DFD6A31C81}.Release|Any CPU.Build.0 = Release|Any CPU
		{A4F96E71-1F65-4D0F-84D8-D5574074E06B}.Debug|Any CPU.ActiveCfg = Debug|Any CPU
		{A4F96E71-1F65-4D0F-84D8-D5574074E06B}.Debug|Any CPU.Build.0 = Debug|Any CPU
		{A4F96E71-1F65-4D0F-84D8-D5574074E06B}.Release|Any CPU.ActiveCfg = Release|Any CPU
		{A4F96E71-1F65-4D0F-84D8-D5574074E06B}.Release|Any CPU.Build.0 = Release|Any CPU
		{03CBB245-A3D2-4194-963D-F072F00C33B7}.Debug|Any CPU.ActiveCfg = Debug|Any CPU
		{03CBB245-A3D2-4194-963D-F072F00C33B7}.Debug|Any CPU.Build.0 = Debug|Any CPU
		{03CBB245-A3D2-4194-963D-F072F00C33B7}.Release|Any CPU.ActiveCfg = Release|Any CPU
		{03CBB245-A3D2-4194-963D-F072F00C33B7}.Release|Any CPU.Build.0 = Release|Any CPU
		{1A22050C-4803-41AB-A6E4-1393CE14D806}.Debug|Any CPU.ActiveCfg = Debug|Any CPU
		{1A22050C-4803-41AB-A6E4-1393CE14D806}.Debug|Any CPU.Build.0 = Debug|Any CPU
		{1A22050C-4803-41AB-A6E4-1393CE14D806}.Release|Any CPU.ActiveCfg = Release|Any CPU
		{1A22050C-4803-41AB-A6E4-1393CE14D806}.Release|Any CPU.Build.0 = Release|Any CPU
		{9D6435BD-90C8-4AC3-84BC-B0F10A1E6642}.Debug|Any CPU.ActiveCfg = Debug|Any CPU
		{9D6435BD-90C8-4AC3-84BC-B0F10A1E6642}.Debug|Any CPU.Build.0 = Debug|Any CPU
		{9D6435BD-90C8-4AC3-84BC-B0F10A1E6642}.Release|Any CPU.ActiveCfg = Release|Any CPU
		{9D6435BD-90C8-4AC3-84BC-B0F10A1E6642}.Release|Any CPU.Build.0 = Release|Any CPU
		{C771081E-A563-4404-8B57-105B0CA6646B}.Debug|Any CPU.ActiveCfg = Debug|Any CPU
		{C771081E-A563-4404-8B57-105B0CA6646B}.Debug|Any CPU.Build.0 = Debug|Any CPU
		{C771081E-A563-4404-8B57-105B0CA6646B}.Release|Any CPU.ActiveCfg = Release|Any CPU
		{C771081E-A563-4404-8B57-105B0CA6646B}.Release|Any CPU.Build.0 = Release|Any CPU
		{62274DB2-8ABD-4513-8EEB-8D8FA70FC49E}.Debug|Any CPU.ActiveCfg = Debug|Any CPU
		{62274DB2-8ABD-4513-8EEB-8D8FA70FC49E}.Debug|Any CPU.Build.0 = Debug|Any CPU
		{62274DB2-8ABD-4513-8EEB-8D8FA70FC49E}.Release|Any CPU.ActiveCfg = Release|Any CPU
		{62274DB2-8ABD-4513-8EEB-8D8FA70FC49E}.Release|Any CPU.Build.0 = Release|Any CPU
		{95EAAC70-B54C-4579-84F6-E64F322A7182}.Debug|Any CPU.ActiveCfg = Debug|Any CPU
		{95EAAC70-B54C-4579-84F6-E64F322A7182}.Debug|Any CPU.Build.0 = Debug|Any CPU
		{95EAAC70-B54C-4579-84F6-E64F322A7182}.Release|Any CPU.ActiveCfg = Release|Any CPU
		{95EAAC70-B54C-4579-84F6-E64F322A7182}.Release|Any CPU.Build.0 = Release|Any CPU
		{1FF9EF01-11FC-4CD8-8383-8804F54E5A8A}.Debug|Any CPU.ActiveCfg = Debug|Any CPU
		{1FF9EF01-11FC-4CD8-8383-8804F54E5A8A}.Debug|Any CPU.Build.0 = Debug|Any CPU
		{1FF9EF01-11FC-4CD8-8383-8804F54E5A8A}.Release|Any CPU.ActiveCfg = Release|Any CPU
		{1FF9EF01-11FC-4CD8-8383-8804F54E5A8A}.Release|Any CPU.Build.0 = Release|Any CPU
		{76E18C1B-E874-4A78-97A4-5426F0B359F4}.Debug|Any CPU.ActiveCfg = Debug|Any CPU
		{76E18C1B-E874-4A78-97A4-5426F0B359F4}.Debug|Any CPU.Build.0 = Debug|Any CPU
		{76E18C1B-E874-4A78-97A4-5426F0B359F4}.Release|Any CPU.ActiveCfg = Release|Any CPU
		{76E18C1B-E874-4A78-97A4-5426F0B359F4}.Release|Any CPU.Build.0 = Release|Any CPU
		{C74EBBA3-DB08-423F-B65B-1A62B8563647}.Debug|Any CPU.ActiveCfg = Debug|Any CPU
		{C74EBBA3-DB08-423F-B65B-1A62B8563647}.Debug|Any CPU.Build.0 = Debug|Any CPU
		{C74EBBA3-DB08-423F-B65B-1A62B8563647}.Release|Any CPU.ActiveCfg = Release|Any CPU
		{C74EBBA3-DB08-423F-B65B-1A62B8563647}.Release|Any CPU.Build.0 = Release|Any CPU
		{AAB4EA0F-353D-4587-9826-CE5F0ABDF030}.Debug|Any CPU.ActiveCfg = Debug|Any CPU
		{AAB4EA0F-353D-4587-9826-CE5F0ABDF030}.Debug|Any CPU.Build.0 = Debug|Any CPU
		{AAB4EA0F-353D-4587-9826-CE5F0ABDF030}.Release|Any CPU.ActiveCfg = Release|Any CPU
		{AAB4EA0F-353D-4587-9826-CE5F0ABDF030}.Release|Any CPU.Build.0 = Release|Any CPU
		{CDB19880-E5E3-470E-BE49-F0AC1F944505}.Debug|Any CPU.ActiveCfg = Debug|Any CPU
		{CDB19880-E5E3-470E-BE49-F0AC1F944505}.Debug|Any CPU.Build.0 = Debug|Any CPU
		{CDB19880-E5E3-470E-BE49-F0AC1F944505}.Release|Any CPU.ActiveCfg = Release|Any CPU
		{CDB19880-E5E3-470E-BE49-F0AC1F944505}.Release|Any CPU.Build.0 = Release|Any CPU
		{793E45D7-1882-40EF-BDC3-84C5DCEF7C7E}.Debug|Any CPU.ActiveCfg = Debug|Any CPU
		{793E45D7-1882-40EF-BDC3-84C5DCEF7C7E}.Debug|Any CPU.Build.0 = Debug|Any CPU
		{793E45D7-1882-40EF-BDC3-84C5DCEF7C7E}.Release|Any CPU.ActiveCfg = Release|Any CPU
		{793E45D7-1882-40EF-BDC3-84C5DCEF7C7E}.Release|Any CPU.Build.0 = Release|Any CPU
		{4FAFE756-992B-4D92-9DA6-926F2BAF398B}.Debug|Any CPU.ActiveCfg = Debug|Any CPU
		{4FAFE756-992B-4D92-9DA6-926F2BAF398B}.Debug|Any CPU.Build.0 = Debug|Any CPU
		{4FAFE756-992B-4D92-9DA6-926F2BAF398B}.Release|Any CPU.ActiveCfg = Release|Any CPU
		{4FAFE756-992B-4D92-9DA6-926F2BAF398B}.Release|Any CPU.Build.0 = Release|Any CPU
		{0C80FBFF-D13A-46F9-801C-9BA5900982C6}.Debug|Any CPU.ActiveCfg = Debug|Any CPU
		{0C80FBFF-D13A-46F9-801C-9BA5900982C6}.Debug|Any CPU.Build.0 = Debug|Any CPU
		{0C80FBFF-D13A-46F9-801C-9BA5900982C6}.Release|Any CPU.ActiveCfg = Release|Any CPU
		{0C80FBFF-D13A-46F9-801C-9BA5900982C6}.Release|Any CPU.Build.0 = Release|Any CPU
		{14DB8DF7-D592-4612-B155-4504B532029C}.Debug|Any CPU.ActiveCfg = Debug|Any CPU
		{14DB8DF7-D592-4612-B155-4504B532029C}.Debug|Any CPU.Build.0 = Debug|Any CPU
		{14DB8DF7-D592-4612-B155-4504B532029C}.Release|Any CPU.ActiveCfg = Release|Any CPU
		{14DB8DF7-D592-4612-B155-4504B532029C}.Release|Any CPU.Build.0 = Release|Any CPU
		{25D81B3A-9758-47F8-A919-985F346D932D}.Debug|Any CPU.ActiveCfg = Debug|Any CPU
		{25D81B3A-9758-47F8-A919-985F346D932D}.Debug|Any CPU.Build.0 = Debug|Any CPU
		{25D81B3A-9758-47F8-A919-985F346D932D}.Release|Any CPU.ActiveCfg = Release|Any CPU
		{25D81B3A-9758-47F8-A919-985F346D932D}.Release|Any CPU.Build.0 = Release|Any CPU
		{C1A6DAF1-E30E-459E-8DEF-98B4A73892C8}.Debug|Any CPU.ActiveCfg = Debug|Any CPU
		{C1A6DAF1-E30E-459E-8DEF-98B4A73892C8}.Debug|Any CPU.Build.0 = Debug|Any CPU
		{C1A6DAF1-E30E-459E-8DEF-98B4A73892C8}.Release|Any CPU.ActiveCfg = Release|Any CPU
		{C1A6DAF1-E30E-459E-8DEF-98B4A73892C8}.Release|Any CPU.Build.0 = Release|Any CPU
		{FE8379F5-CBDF-4169-92CC-6067803EC23B}.Debug|Any CPU.ActiveCfg = Debug|Any CPU
		{FE8379F5-CBDF-4169-92CC-6067803EC23B}.Debug|Any CPU.Build.0 = Debug|Any CPU
		{FE8379F5-CBDF-4169-92CC-6067803EC23B}.Release|Any CPU.ActiveCfg = Release|Any CPU
		{FE8379F5-CBDF-4169-92CC-6067803EC23B}.Release|Any CPU.Build.0 = Release|Any CPU
		{3F7B5ED6-31C2-466D-9F3A-0953D8F9AA35}.Debug|Any CPU.ActiveCfg = Debug|Any CPU
		{3F7B5ED6-31C2-466D-9F3A-0953D8F9AA35}.Debug|Any CPU.Build.0 = Debug|Any CPU
		{3F7B5ED6-31C2-466D-9F3A-0953D8F9AA35}.Release|Any CPU.ActiveCfg = Release|Any CPU
		{3F7B5ED6-31C2-466D-9F3A-0953D8F9AA35}.Release|Any CPU.Build.0 = Release|Any CPU
		{76E5CAF1-C6C3-412F-A3A5-ADDA8F91DF2F}.Debug|Any CPU.ActiveCfg = Debug|Any CPU
		{76E5CAF1-C6C3-412F-A3A5-ADDA8F91DF2F}.Debug|Any CPU.Build.0 = Debug|Any CPU
		{76E5CAF1-C6C3-412F-A3A5-ADDA8F91DF2F}.Release|Any CPU.ActiveCfg = Release|Any CPU
		{76E5CAF1-C6C3-412F-A3A5-ADDA8F91DF2F}.Release|Any CPU.Build.0 = Release|Any CPU
		{1BEA3E01-B004-465C-B4C2-2CA04AA8B21C}.Debug|Any CPU.ActiveCfg = Debug|Any CPU
		{1BEA3E01-B004-465C-B4C2-2CA04AA8B21C}.Debug|Any CPU.Build.0 = Debug|Any CPU
		{1BEA3E01-B004-465C-B4C2-2CA04AA8B21C}.Release|Any CPU.ActiveCfg = Release|Any CPU
		{1BEA3E01-B004-465C-B4C2-2CA04AA8B21C}.Release|Any CPU.Build.0 = Release|Any CPU
	EndGlobalSection
	GlobalSection(SolutionProperties) = preSolution
		HideSolutionNode = FALSE
	EndGlobalSection
	GlobalSection(NestedProjects) = preSolution
		{BACACEB8-3F49-4209-93B4-E09B37701327} = {A2E898A8-D676-4552-A03A-03CC27C0ECDC}
		{D9A2BA64-8399-4D54-94FC-81A50F7F3C43} = {A2E898A8-D676-4552-A03A-03CC27C0ECDC}
		{2F70878B-125A-40FF-9571-413D03558526} = {E69071DD-4007-4333-950E-0988517E5426}
		{3FAA3F33-DE46-4417-A802-ECB0E91FB89D} = {E69071DD-4007-4333-950E-0988517E5426}
		{6D98D446-5A28-45F4-B385-36CCC6A65051} = {E69071DD-4007-4333-950E-0988517E5426}
		{16705ADF-C26E-41F0-9946-6ACE1ACE1069} = {6D98D446-5A28-45F4-B385-36CCC6A65051}
		{878B9F00-00CF-4A54-8DC8-3E8BFA09070B} = {6D98D446-5A28-45F4-B385-36CCC6A65051}
		{DFF492B3-7D8F-4A51-9BE7-49A024A9D96B} = {6D98D446-5A28-45F4-B385-36CCC6A65051}
		{29309641-1D21-413D-A24F-549D7BAB8F14} = {67C4F42A-9CE1-4D51-B3E7-C588816BD4F8}
		{7B609C37-E930-4A62-A923-4A9D228956A3} = {2B491E49-D3B7-45EA-BA78-E35F0AE74188}
		{35785BCA-C581-4643-B8E9-852383E132E1} = {4BC2BB6B-6D37-44D2-A541-122567A25876}
		{1C08B0E0-818B-4726-B3BA-45EC74730078} = {E69071DD-4007-4333-950E-0988517E5426}
		{A40E6E56-FBFE-477E-B4C8-63B99E24749F} = {6D98D446-5A28-45F4-B385-36CCC6A65051}
		{D6572466-23D6-4C87-B36E-D44FB10BB072} = {E69071DD-4007-4333-950E-0988517E5426}
		{0ED2AE42-B6CC-4F13-B8BD-54CEFAEC43FC} = {D6572466-23D6-4C87-B36E-D44FB10BB072}
		{4F9AF921-128D-406D-BF70-E9E05FB00B76} = {D6572466-23D6-4C87-B36E-D44FB10BB072}
		{E7F60B77-472E-4234-ACC1-B53E7868D781} = {E5F3CC01-5760-4682-AF18-8216DEAE5024}
		{83EF9D36-B732-40A7-BDAE-F4AF27427782} = {67C4F42A-9CE1-4D51-B3E7-C588816BD4F8}
		{0BC23ED0-C93F-41A7-81C3-E15196AB8D9F} = {67C4F42A-9CE1-4D51-B3E7-C588816BD4F8}
		{84FE43C9-F004-47F3-8FFC-C2DC70640D7D} = {67C4F42A-9CE1-4D51-B3E7-C588816BD4F8}
		{5CE059F3-4575-48EF-85D4-51B7EC9DA725} = {67C4F42A-9CE1-4D51-B3E7-C588816BD4F8}
		{67C4F42A-9CE1-4D51-B3E7-C588816BD4F8} = {3F10F403-8B8F-4995-A41C-BDB3B2A14742}
		{15F97349-A8F6-478F-9968-17CBB071E5A7} = {E5F3CC01-5760-4682-AF18-8216DEAE5024}
		{2A5323AB-C9A7-4936-842C-1065614BA498} = {E69071DD-4007-4333-950E-0988517E5426}
		{B371F7A3-BA85-4323-B697-02DFD6A31C81} = {E5F3CC01-5760-4682-AF18-8216DEAE5024}
		{A4F96E71-1F65-4D0F-84D8-D5574074E06B} = {E5F3CC01-5760-4682-AF18-8216DEAE5024}
		{03CBB245-A3D2-4194-963D-F072F00C33B7} = {E5F3CC01-5760-4682-AF18-8216DEAE5024}
		{1A22050C-4803-41AB-A6E4-1393CE14D806} = {E5F3CC01-5760-4682-AF18-8216DEAE5024}
		{9D6435BD-90C8-4AC3-84BC-B0F10A1E6642} = {E5F3CC01-5760-4682-AF18-8216DEAE5024}
		{C771081E-A563-4404-8B57-105B0CA6646B} = {E5F3CC01-5760-4682-AF18-8216DEAE5024}
		{62274DB2-8ABD-4513-8EEB-8D8FA70FC49E} = {E5F3CC01-5760-4682-AF18-8216DEAE5024}
		{95EAAC70-B54C-4579-84F6-E64F322A7182} = {E5F3CC01-5760-4682-AF18-8216DEAE5024}
		{1FF9EF01-11FC-4CD8-8383-8804F54E5A8A} = {E5F3CC01-5760-4682-AF18-8216DEAE5024}
		{76E18C1B-E874-4A78-97A4-5426F0B359F4} = {E5F3CC01-5760-4682-AF18-8216DEAE5024}
		{C74EBBA3-DB08-423F-B65B-1A62B8563647} = {E5F3CC01-5760-4682-AF18-8216DEAE5024}
		{AAB4EA0F-353D-4587-9826-CE5F0ABDF030} = {E5F3CC01-5760-4682-AF18-8216DEAE5024}
		{CDB19880-E5E3-470E-BE49-F0AC1F944505} = {E5F3CC01-5760-4682-AF18-8216DEAE5024}
		{793E45D7-1882-40EF-BDC3-84C5DCEF7C7E} = {E5F3CC01-5760-4682-AF18-8216DEAE5024}
		{4FAFE756-992B-4D92-9DA6-926F2BAF398B} = {E5F3CC01-5760-4682-AF18-8216DEAE5024}
		{0C80FBFF-D13A-46F9-801C-9BA5900982C6} = {E5F3CC01-5760-4682-AF18-8216DEAE5024}
		{E5F3CC01-5760-4682-AF18-8216DEAE5024} = {E69071DD-4007-4333-950E-0988517E5426}
		{28615E63-2AF5-4326-ACD3-6F3FB6B92338} = {E69071DD-4007-4333-950E-0988517E5426}
		{14DB8DF7-D592-4612-B155-4504B532029C} = {28615E63-2AF5-4326-ACD3-6F3FB6B92338}
		{25D81B3A-9758-47F8-A919-985F346D932D} = {A2E898A8-D676-4552-A03A-03CC27C0ECDC}
		{C1A6DAF1-E30E-459E-8DEF-98B4A73892C8} = {28615E63-2AF5-4326-ACD3-6F3FB6B92338}
		{FE8379F5-CBDF-4169-92CC-6067803EC23B} = {28615E63-2AF5-4326-ACD3-6F3FB6B92338}
		{3F7B5ED6-31C2-466D-9F3A-0953D8F9AA35} = {28615E63-2AF5-4326-ACD3-6F3FB6B92338}
		{76E5CAF1-C6C3-412F-A3A5-ADDA8F91DF2F} = {28615E63-2AF5-4326-ACD3-6F3FB6B92338}
		{1BEA3E01-B004-465C-B4C2-2CA04AA8B21C} = {A2E898A8-D676-4552-A03A-03CC27C0ECDC}
	EndGlobalSection
	GlobalSection(ExtensibilityGlobals) = postSolution
		SolutionGuid = {D95F7CB4-F4B5-45C1-9004-B60F8C5673FA}
	EndGlobalSection
EndGlobal
