
Microsoft Visual Studio Solution File, Format Version 12.00
# Visual Studio 15
VisualStudioVersion = 15.0.27130.0
MinimumVisualStudioVersion = 10.0.40219.1
Project("{2150E333-8FDC-42A3-9474-1A3956D46DE8}") = "01. Core Layer", "01. Core Layer", "{E69071DD-4007-4333-950E-0988517E5426}"
EndProject
Project("{2150E333-8FDC-42A3-9474-1A3956D46DE8}") = "02. Data Layer", "02. Data Layer", "{3F10F403-8B8F-4995-A41C-BDB3B2A14742}"
EndProject
Project("{2150E333-8FDC-42A3-9474-1A3956D46DE8}") = "03. Hosting Layer", "03. Hosting Layer", "{2B491E49-D3B7-45EA-BA78-E35F0AE74188}"
EndProject
Project("{2150E333-8FDC-42A3-9474-1A3956D46DE8}") = "05. Testing Layer", "05. Testing Layer", "{A2E898A8-D676-4552-A03A-03CC27C0ECDC}"
EndProject
Project("{2150E333-8FDC-42A3-9474-1A3956D46DE8}") = "04. Client Layer", "04. Client Layer", "{4BC2BB6B-6D37-44D2-A541-122567A25876}"
EndProject
Project("{9A19103F-16F7-4668-BE54-9A1E7A4F7556}") = "SimpleIdentityServer.Scim.Client.Tests", "tests\SimpleIdentityServer.Scim.Client.Tests\SimpleIdentityServer.Scim.Client.Tests.csproj", "{BACACEB8-3F49-4209-93B4-E09B37701327}"
EndProject
Project("{9A19103F-16F7-4668-BE54-9A1E7A4F7556}") = "SimpleIdentityServer.Scim.Core.Tests", "tests\SimpleIdentityServer.Scim.Core.Tests\SimpleIdentityServer.Scim.Core.Tests.csproj", "{D9A2BA64-8399-4D54-94FC-81A50F7F3C43}"
EndProject
Project("{9A19103F-16F7-4668-BE54-9A1E7A4F7556}") = "SimpleIdentityServer.Scim.Common", "src\Apis\Scim\SimpleIdentityServer.Scim.Common\SimpleIdentityServer.Scim.Common.csproj", "{2F70878B-125A-40FF-9571-413D03558526}"
EndProject
Project("{9A19103F-16F7-4668-BE54-9A1E7A4F7556}") = "SimpleIdentityServer.Scim.Core", "src\Apis\Scim\SimpleIdentityServer.Scim.Core\SimpleIdentityServer.Scim.Core.csproj", "{3FAA3F33-DE46-4417-A802-ECB0E91FB89D}"
EndProject
Project("{2150E333-8FDC-42A3-9474-1A3956D46DE8}") = "01. WebApiContrib", "01. WebApiContrib", "{6D98D446-5A28-45F4-B385-36CCC6A65051}"
EndProject
Project("{9A19103F-16F7-4668-BE54-9A1E7A4F7556}") = "WebApiContrib.Core.Concurrency", "src\Lib\WebApiContrib\WebApiContrib.Core.Concurrency\WebApiContrib.Core.Concurrency.csproj", "{16705ADF-C26E-41F0-9946-6ACE1ACE1069}"
EndProject
Project("{9A19103F-16F7-4668-BE54-9A1E7A4F7556}") = "WebApiContrib.Core.Storage.InMemory", "src\Lib\WebApiContrib\WebApiContrib.Core.Storage.InMemory\WebApiContrib.Core.Storage.InMemory.csproj", "{878B9F00-00CF-4A54-8DC8-3E8BFA09070B}"
EndProject
Project("{9A19103F-16F7-4668-BE54-9A1E7A4F7556}") = "WebApiContrib.Core.Storage", "src\Lib\WebApiContrib\WebApiContrib.Core.Storage\WebApiContrib.Core.Storage.csproj", "{DFF492B3-7D8F-4A51-9BE7-49A024A9D96B}"
EndProject
Project("{9A19103F-16F7-4668-BE54-9A1E7A4F7556}") = "SimpleIdentityServer.Scim.Db.EF", "src\Apis\Scim\SimpleIdentityServer.Scim.Db.EF\SimpleIdentityServer.Scim.Db.EF.csproj", "{29309641-1D21-413D-A24F-549D7BAB8F14}"
EndProject
Project("{9A19103F-16F7-4668-BE54-9A1E7A4F7556}") = "SimpleIdentityServer.Scim.Startup", "src\Apis\Scim\SimpleIdentityServer.Scim.Startup\SimpleIdentityServer.Scim.Startup.csproj", "{7B609C37-E930-4A62-A923-4A9D228956A3}"
EndProject
Project("{9A19103F-16F7-4668-BE54-9A1E7A4F7556}") = "SimpleIdentityServer.Scim.Client", "src\Apis\Scim\SimpleIdentityServer.Scim.Client\SimpleIdentityServer.Scim.Client.csproj", "{35785BCA-C581-4643-B8E9-852383E132E1}"
EndProject
Project("{9A19103F-16F7-4668-BE54-9A1E7A4F7556}") = "SimpleIdentityServer.Scim.Host", "src\Apis\Scim\SimpleIdentityServer.Scim.Host\SimpleIdentityServer.Scim.Host.csproj", "{1C08B0E0-818B-4726-B3BA-45EC74730078}"
EndProject
Global
	GlobalSection(SolutionConfigurationPlatforms) = preSolution
		Debug|Any CPU = Debug|Any CPU
		Release|Any CPU = Release|Any CPU
	EndGlobalSection
	GlobalSection(ProjectConfigurationPlatforms) = postSolution
		{BACACEB8-3F49-4209-93B4-E09B37701327}.Debug|Any CPU.ActiveCfg = Debug|Any CPU
		{BACACEB8-3F49-4209-93B4-E09B37701327}.Debug|Any CPU.Build.0 = Debug|Any CPU
		{BACACEB8-3F49-4209-93B4-E09B37701327}.Release|Any CPU.ActiveCfg = Release|Any CPU
		{BACACEB8-3F49-4209-93B4-E09B37701327}.Release|Any CPU.Build.0 = Release|Any CPU
		{D9A2BA64-8399-4D54-94FC-81A50F7F3C43}.Debug|Any CPU.ActiveCfg = Debug|Any CPU
		{D9A2BA64-8399-4D54-94FC-81A50F7F3C43}.Debug|Any CPU.Build.0 = Debug|Any CPU
		{D9A2BA64-8399-4D54-94FC-81A50F7F3C43}.Release|Any CPU.ActiveCfg = Release|Any CPU
		{D9A2BA64-8399-4D54-94FC-81A50F7F3C43}.Release|Any CPU.Build.0 = Release|Any CPU
		{2F70878B-125A-40FF-9571-413D03558526}.Debug|Any CPU.ActiveCfg = Debug|Any CPU
		{2F70878B-125A-40FF-9571-413D03558526}.Debug|Any CPU.Build.0 = Debug|Any CPU
		{2F70878B-125A-40FF-9571-413D03558526}.Release|Any CPU.ActiveCfg = Release|Any CPU
		{2F70878B-125A-40FF-9571-413D03558526}.Release|Any CPU.Build.0 = Release|Any CPU
		{3FAA3F33-DE46-4417-A802-ECB0E91FB89D}.Debug|Any CPU.ActiveCfg = Debug|Any CPU
		{3FAA3F33-DE46-4417-A802-ECB0E91FB89D}.Debug|Any CPU.Build.0 = Debug|Any CPU
		{3FAA3F33-DE46-4417-A802-ECB0E91FB89D}.Release|Any CPU.ActiveCfg = Release|Any CPU
		{3FAA3F33-DE46-4417-A802-ECB0E91FB89D}.Release|Any CPU.Build.0 = Release|Any CPU
		{16705ADF-C26E-41F0-9946-6ACE1ACE1069}.Debug|Any CPU.ActiveCfg = Debug|Any CPU
		{16705ADF-C26E-41F0-9946-6ACE1ACE1069}.Debug|Any CPU.Build.0 = Debug|Any CPU
		{16705ADF-C26E-41F0-9946-6ACE1ACE1069}.Release|Any CPU.ActiveCfg = Release|Any CPU
		{16705ADF-C26E-41F0-9946-6ACE1ACE1069}.Release|Any CPU.Build.0 = Release|Any CPU
		{878B9F00-00CF-4A54-8DC8-3E8BFA09070B}.Debug|Any CPU.ActiveCfg = Debug|Any CPU
		{878B9F00-00CF-4A54-8DC8-3E8BFA09070B}.Debug|Any CPU.Build.0 = Debug|Any CPU
		{878B9F00-00CF-4A54-8DC8-3E8BFA09070B}.Release|Any CPU.ActiveCfg = Release|Any CPU
		{878B9F00-00CF-4A54-8DC8-3E8BFA09070B}.Release|Any CPU.Build.0 = Release|Any CPU
		{DFF492B3-7D8F-4A51-9BE7-49A024A9D96B}.Debug|Any CPU.ActiveCfg = Debug|Any CPU
		{DFF492B3-7D8F-4A51-9BE7-49A024A9D96B}.Debug|Any CPU.Build.0 = Debug|Any CPU
		{DFF492B3-7D8F-4A51-9BE7-49A024A9D96B}.Release|Any CPU.ActiveCfg = Release|Any CPU
		{DFF492B3-7D8F-4A51-9BE7-49A024A9D96B}.Release|Any CPU.Build.0 = Release|Any CPU
		{29309641-1D21-413D-A24F-549D7BAB8F14}.Debug|Any CPU.ActiveCfg = Debug|Any CPU
		{29309641-1D21-413D-A24F-549D7BAB8F14}.Debug|Any CPU.Build.0 = Debug|Any CPU
		{29309641-1D21-413D-A24F-549D7BAB8F14}.Release|Any CPU.ActiveCfg = Release|Any CPU
		{29309641-1D21-413D-A24F-549D7BAB8F14}.Release|Any CPU.Build.0 = Release|Any CPU
		{7B609C37-E930-4A62-A923-4A9D228956A3}.Debug|Any CPU.ActiveCfg = Debug|Any CPU
		{7B609C37-E930-4A62-A923-4A9D228956A3}.Debug|Any CPU.Build.0 = Debug|Any CPU
		{7B609C37-E930-4A62-A923-4A9D228956A3}.Release|Any CPU.ActiveCfg = Release|Any CPU
		{7B609C37-E930-4A62-A923-4A9D228956A3}.Release|Any CPU.Build.0 = Release|Any CPU
		{35785BCA-C581-4643-B8E9-852383E132E1}.Debug|Any CPU.ActiveCfg = Debug|Any CPU
		{35785BCA-C581-4643-B8E9-852383E132E1}.Debug|Any CPU.Build.0 = Debug|Any CPU
		{35785BCA-C581-4643-B8E9-852383E132E1}.Release|Any CPU.ActiveCfg = Release|Any CPU
		{35785BCA-C581-4643-B8E9-852383E132E1}.Release|Any CPU.Build.0 = Release|Any CPU
		{1C08B0E0-818B-4726-B3BA-45EC74730078}.Debug|Any CPU.ActiveCfg = Debug|Any CPU
		{1C08B0E0-818B-4726-B3BA-45EC74730078}.Debug|Any CPU.Build.0 = Debug|Any CPU
		{1C08B0E0-818B-4726-B3BA-45EC74730078}.Release|Any CPU.ActiveCfg = Release|Any CPU
		{1C08B0E0-818B-4726-B3BA-45EC74730078}.Release|Any CPU.Build.0 = Release|Any CPU
	EndGlobalSection
	GlobalSection(SolutionProperties) = preSolution
		HideSolutionNode = FALSE
	EndGlobalSection
	GlobalSection(NestedProjects) = preSolution
		{BACACEB8-3F49-4209-93B4-E09B37701327} = {A2E898A8-D676-4552-A03A-03CC27C0ECDC}
		{D9A2BA64-8399-4D54-94FC-81A50F7F3C43} = {A2E898A8-D676-4552-A03A-03CC27C0ECDC}
		{2F70878B-125A-40FF-9571-413D03558526} = {E69071DD-4007-4333-950E-0988517E5426}
		{3FAA3F33-DE46-4417-A802-ECB0E91FB89D} = {E69071DD-4007-4333-950E-0988517E5426}
		{6D98D446-5A28-45F4-B385-36CCC6A65051} = {E69071DD-4007-4333-950E-0988517E5426}
		{16705ADF-C26E-41F0-9946-6ACE1ACE1069} = {6D98D446-5A28-45F4-B385-36CCC6A65051}
		{878B9F00-00CF-4A54-8DC8-3E8BFA09070B} = {6D98D446-5A28-45F4-B385-36CCC6A65051}
		{DFF492B3-7D8F-4A51-9BE7-49A024A9D96B} = {6D98D446-5A28-45F4-B385-36CCC6A65051}
		{29309641-1D21-413D-A24F-549D7BAB8F14} = {3F10F403-8B8F-4995-A41C-BDB3B2A14742}
		{7B609C37-E930-4A62-A923-4A9D228956A3} = {2B491E49-D3B7-45EA-BA78-E35F0AE74188}
		{35785BCA-C581-4643-B8E9-852383E132E1} = {4BC2BB6B-6D37-44D2-A541-122567A25876}
		{1C08B0E0-818B-4726-B3BA-45EC74730078} = {E69071DD-4007-4333-950E-0988517E5426}
	EndGlobalSection
	GlobalSection(ExtensibilityGlobals) = postSolution
		SolutionGuid = {D95F7CB4-F4B5-45C1-9004-B60F8C5673FA}
	EndGlobalSection
EndGlobal
