
Microsoft Visual Studio Solution File, Format Version 12.00
# Visual Studio 15
VisualStudioVersion = 15.0.27130.2024
MinimumVisualStudioVersion = 10.0.40219.1
Project("{2150E333-8FDC-42A3-9474-1A3956D46DE8}") = "01. Core Layer", "01. Core Layer", "{41BE96E9-3F14-449C-9B9A-18BA6A5A8686}"
EndProject
Project("{9A19103F-16F7-4668-BE54-9A1E7A4F7556}") = "SimpleBus.Core", "src\Lib\Bus\SimpleBus.Core\SimpleBus.Core.csproj", "{F4118A4D-A1F9-4CD9-8FE9-11B14433E7CF}"
EndProject
Project("{9A19103F-16F7-4668-BE54-9A1E7A4F7556}") = "SimpleBus.InMemory", "src\Lib\Bus\SimpleBus.InMemory\SimpleBus.InMemory.csproj", "{8357E6EB-FACF-4FCB-97A5-48DF702C5577}"
EndProject
Global
	GlobalSection(SolutionConfigurationPlatforms) = preSolution
		Debug|Any CPU = Debug|Any CPU
		Release|Any CPU = Release|Any CPU
	EndGlobalSection
	GlobalSection(ProjectConfigurationPlatforms) = postSolution
		{F4118A4D-A1F9-4CD9-8FE9-11B14433E7CF}.Debug|Any CPU.ActiveCfg = Debug|Any CPU
		{F4118A4D-A1F9-4CD9-8FE9-11B14433E7CF}.Debug|Any CPU.Build.0 = Debug|Any CPU
		{F4118A4D-A1F9-4CD9-8FE9-11B14433E7CF}.Release|Any CPU.ActiveCfg = Release|Any CPU
		{F4118A4D-A1F9-4CD9-8FE9-11B14433E7CF}.Release|Any CPU.Build.0 = Release|Any CPU
		{8357E6EB-FACF-4FCB-97A5-48DF702C5577}.Debug|Any CPU.ActiveCfg = Debug|Any CPU
		{8357E6EB-FACF-4FCB-97A5-48DF702C5577}.Debug|Any CPU.Build.0 = Debug|Any CPU
		{8357E6EB-FACF-4FCB-97A5-48DF702C5577}.Release|Any CPU.ActiveCfg = Release|Any CPU
		{8357E6EB-FACF-4FCB-97A5-48DF702C5577}.Release|Any CPU.Build.0 = Release|Any CPU
	EndGlobalSection
	GlobalSection(SolutionProperties) = preSolution
		HideSolutionNode = FALSE
	EndGlobalSection
	GlobalSection(NestedProjects) = preSolution
		{F4118A4D-A1F9-4CD9-8FE9-11B14433E7CF} = {41BE96E9-3F14-449C-9B9A-18BA6A5A8686}
		{8357E6EB-FACF-4FCB-97A5-48DF702C5577} = {41BE96E9-3F14-449C-9B9A-18BA6A5A8686}
	EndGlobalSection
	GlobalSection(ExtensibilityGlobals) = postSolution
		SolutionGuid = {CA1F1D8C-946F-4BDE-B176-7B4DDD8181D8}
	EndGlobalSection
EndGlobal
