
Microsoft Visual Studio Solution File, Format Version 12.00
# Visual Studio 15
VisualStudioVersion = 15.0.27130.2024
MinimumVisualStudioVersion = 10.0.40219.1
Project("{2150E333-8FDC-42A3-9474-1A3956D46DE8}") = "01. Core", "01. Core", "{D3274B2A-7992-412D-A2BC-CD2DDA51F24E}"
EndProject
Project("{2150E333-8FDC-42A3-9474-1A3956D46DE8}") = "03. Host", "03. Host", "{5DEBCF0A-FE01-425F-BFE2-F1EADDD6D8D2}"
EndProject
Project("{2150E333-8FDC-42A3-9474-1A3956D46DE8}") = "04. Test", "04. Test", "{5AD816CA-C393-428F-9F06-98B45120B02C}"
EndProject
Project("{2150E333-8FDC-42A3-9474-1A3956D46DE8}") = "01. Unit Tests", "01. Unit Tests", "{28801ACE-3A1D-4868-90AB-B30043A20AED}"
EndProject
Project("{2150E333-8FDC-42A3-9474-1A3956D46DE8}") = "Solution Items", "Solution Items", "{EAC85787-20F0-4C78-9AC6-C3CB7CD19065}"
	ProjectSection(SolutionItems) = preProject
		global.json = global.json
	EndProjectSection
EndProject
Project("{9A19103F-16F7-4668-BE54-9A1E7A4F7556}") = "SimpleIdentityServer.Manager.Core.Tests", "tests\SimpleIdentityServer.Manager.Core.Tests\SimpleIdentityServer.Manager.Core.Tests.csproj", "{FCB0F13A-B412-4340-B077-D3E7A60A9DD7}"
EndProject
Project("{9A19103F-16F7-4668-BE54-9A1E7A4F7556}") = "SimpleIdentityServer.Manager.Host", "src\Apis\Manager\SimpleIdentityServer.Manager.Host\SimpleIdentityServer.Manager.Host.csproj", "{43FC813E-E3FD-4712-933A-81E95FDBE62A}"
EndProject
Project("{9A19103F-16F7-4668-BE54-9A1E7A4F7556}") = "SimpleIdentityServer.Manager.Host.Startup", "src\Apis\Manager\SimpleIdentityServer.Manager.Host.Startup\SimpleIdentityServer.Manager.Host.Startup.csproj", "{D2E9DB17-987D-419D-8E14-1CBBF984041F}"
EndProject
Project("{2150E333-8FDC-42A3-9474-1A3956D46DE8}") = "Serilog", "Serilog", "{E0E6CFF9-9E6F-44A0-B6A4-0BBFB3139532}"
EndProject
Project("{2150E333-8FDC-42A3-9474-1A3956D46DE8}") = "WebApiContrib", "WebApiContrib", "{5D407E0D-4A55-4AA6-AC79-93F82BC7EE57}"
EndProject
Project("{9A19103F-16F7-4668-BE54-9A1E7A4F7556}") = "Serilog.Sinks.ElasticSearch", "src\Lib\Serilog\Serilog.Sinks.ElasticSearch\Serilog.Sinks.ElasticSearch.csproj", "{930F40E0-9292-441E-AC62-1FA781432882}"
EndProject
Project("{9A19103F-16F7-4668-BE54-9A1E7A4F7556}") = "WebApiContrib.Core.Concurrency", "src\Lib\WebApiContrib\WebApiContrib.Core.Concurrency\WebApiContrib.Core.Concurrency.csproj", "{A38FEBEB-BDA5-4672-94A8-5E813011C208}"
EndProject
Project("{9A19103F-16F7-4668-BE54-9A1E7A4F7556}") = "SimpleIdentityServer.Manager.Core", "src\Apis\Manager\SimpleIdentityServer.Manager.Core\SimpleIdentityServer.Manager.Core.csproj", "{38D5CDA2-1F6E-4D04-B135-B58A9D8CF51D}"
EndProject
Project("{9A19103F-16F7-4668-BE54-9A1E7A4F7556}") = "SimpleIdentityServer.Core", "src\Apis\SimpleIdServer\SimpleIdentityServer.Core\SimpleIdentityServer.Core.csproj", "{D5AD31C2-3306-4242-9496-60ACD8199338}"
EndProject
Project("{9A19103F-16F7-4668-BE54-9A1E7A4F7556}") = "SimpleIdentityServer.Core.Jwt", "src\Apis\SimpleIdServer\SimpleIdentityServer.Core.Jwt\SimpleIdentityServer.Core.Jwt.csproj", "{8B839005-A25A-4A35-B7C4-81B5444E241E}"
EndProject
Project("{9A19103F-16F7-4668-BE54-9A1E7A4F7556}") = "SimpleIdentityServer.Core.Common", "src\Apis\SimpleIdServer\SimpleIdentityServer.Core.Common\SimpleIdentityServer.Core.Common.csproj", "{C1DE6862-4154-45C8-8106-B9C52A845285}"
EndProject
Project("{2150E333-8FDC-42A3-9474-1A3956D46DE8}") = "Other", "Other", "{1C42D034-BFF4-4352-88E3-E55DC6139B19}"
EndProject
Project("{9A19103F-16F7-4668-BE54-9A1E7A4F7556}") = "System.Security.Cryptography.Algorithms.Extensions", "src\Lib\System.Security.Cryptography.Algorithms.Extensions\System.Security.Cryptography.Algorithms.Extensions.csproj", "{4EC41BCA-80EF-4E2D-A0AC-5F97AFF7DC11}"
EndProject
Project("{9A19103F-16F7-4668-BE54-9A1E7A4F7556}") = "SimpleIdentityServer.OAuth2Introspection", "src\Apis\SimpleIdServer\SimpleIdentityServer.OAuth2Introspection\SimpleIdentityServer.OAuth2Introspection.csproj", "{466B4887-E3D1-4A32-BE47-F08F69CD8948}"
EndProject
Project("{9A19103F-16F7-4668-BE54-9A1E7A4F7556}") = "SimpleIdentityServer.Manager.Client", "src\Apis\Manager\SimpleIdentityServer.Manager.Client\SimpleIdentityServer.Manager.Client.csproj", "{FF64F100-9639-49E7-A1CC-09D004735FBF}"
EndProject
Project("{2150E333-8FDC-42A3-9474-1A3956D46DE8}") = "02. Data Layer", "02. Data Layer", "{64068288-0730-45DB-BE3C-68F22F53997A}"
EndProject
Project("{2150E333-8FDC-42A3-9474-1A3956D46DE8}") = "01. OPENID", "01. OPENID", "{1D898F1E-AD66-4BAF-B24F-A7530425F46A}"
EndProject
Project("{9A19103F-16F7-4668-BE54-9A1E7A4F7556}") = "SimpleIdentityServer.EF", "src\Apis\SimpleIdServer\SimpleIdentityServer.EF\SimpleIdentityServer.EF.csproj", "{06AE6A46-FDA0-46FD-A7C5-BA512990B111}"
EndProject
Project("{9A19103F-16F7-4668-BE54-9A1E7A4F7556}") = "SimpleIdentityServer.EF.InMemory", "src\Apis\SimpleIdServer\SimpleIdentityServer.EF.InMemory\SimpleIdentityServer.EF.InMemory.csproj", "{19350250-27CE-4C8B-B251-179684859714}"
EndProject
Project("{9A19103F-16F7-4668-BE54-9A1E7A4F7556}") = "SimpleIdentityServer.EF.SqlServer", "src\Apis\SimpleIdServer\SimpleIdentityServer.EF.SqlServer\SimpleIdentityServer.EF.SqlServer.csproj", "{FE130370-7222-450D-954F-5D6EAA0EC858}"
EndProject
Project("{9A19103F-16F7-4668-BE54-9A1E7A4F7556}") = "SimpleIdentityServer.Logging", "src\Apis\SimpleIdServer\SimpleIdentityServer.Logging\SimpleIdentityServer.Logging.csproj", "{F5ECB450-0CA6-4CD9-A2D7-2EC1907A2632}"
EndProject
Project("{9A19103F-16F7-4668-BE54-9A1E7A4F7556}") = "WebApiContrib.Core.Storage.InMemory", "src\Lib\WebApiContrib\WebApiContrib.Core.Storage.InMemory\WebApiContrib.Core.Storage.InMemory.csproj", "{EAB69369-6ADB-4FBB-B0A3-F44386C0DC9C}"
EndProject
Global
	GlobalSection(SolutionConfigurationPlatforms) = preSolution
		Debug|Any CPU = Debug|Any CPU
		Fake|Any CPU = Fake|Any CPU
		Release|Any CPU = Release|Any CPU
	EndGlobalSection
	GlobalSection(ProjectConfigurationPlatforms) = postSolution
		{FCB0F13A-B412-4340-B077-D3E7A60A9DD7}.Debug|Any CPU.ActiveCfg = Debug|Any CPU
		{FCB0F13A-B412-4340-B077-D3E7A60A9DD7}.Debug|Any CPU.Build.0 = Debug|Any CPU
		{FCB0F13A-B412-4340-B077-D3E7A60A9DD7}.Fake|Any CPU.ActiveCfg = Debug|Any CPU
		{FCB0F13A-B412-4340-B077-D3E7A60A9DD7}.Fake|Any CPU.Build.0 = Debug|Any CPU
		{FCB0F13A-B412-4340-B077-D3E7A60A9DD7}.Release|Any CPU.ActiveCfg = Release|Any CPU
		{FCB0F13A-B412-4340-B077-D3E7A60A9DD7}.Release|Any CPU.Build.0 = Release|Any CPU
		{43FC813E-E3FD-4712-933A-81E95FDBE62A}.Debug|Any CPU.ActiveCfg = Debug|Any CPU
		{43FC813E-E3FD-4712-933A-81E95FDBE62A}.Debug|Any CPU.Build.0 = Debug|Any CPU
		{43FC813E-E3FD-4712-933A-81E95FDBE62A}.Fake|Any CPU.ActiveCfg = Debug|Any CPU
		{43FC813E-E3FD-4712-933A-81E95FDBE62A}.Fake|Any CPU.Build.0 = Debug|Any CPU
		{43FC813E-E3FD-4712-933A-81E95FDBE62A}.Release|Any CPU.ActiveCfg = Release|Any CPU
		{43FC813E-E3FD-4712-933A-81E95FDBE62A}.Release|Any CPU.Build.0 = Release|Any CPU
		{D2E9DB17-987D-419D-8E14-1CBBF984041F}.Debug|Any CPU.ActiveCfg = Debug|Any CPU
		{D2E9DB17-987D-419D-8E14-1CBBF984041F}.Debug|Any CPU.Build.0 = Debug|Any CPU
		{D2E9DB17-987D-419D-8E14-1CBBF984041F}.Fake|Any CPU.ActiveCfg = Debug|Any CPU
		{D2E9DB17-987D-419D-8E14-1CBBF984041F}.Fake|Any CPU.Build.0 = Debug|Any CPU
		{D2E9DB17-987D-419D-8E14-1CBBF984041F}.Release|Any CPU.ActiveCfg = Release|Any CPU
		{D2E9DB17-987D-419D-8E14-1CBBF984041F}.Release|Any CPU.Build.0 = Release|Any CPU
		{930F40E0-9292-441E-AC62-1FA781432882}.Debug|Any CPU.ActiveCfg = Debug|Any CPU
		{930F40E0-9292-441E-AC62-1FA781432882}.Debug|Any CPU.Build.0 = Debug|Any CPU
		{930F40E0-9292-441E-AC62-1FA781432882}.Fake|Any CPU.ActiveCfg = Debug|Any CPU
		{930F40E0-9292-441E-AC62-1FA781432882}.Fake|Any CPU.Build.0 = Debug|Any CPU
		{930F40E0-9292-441E-AC62-1FA781432882}.Release|Any CPU.ActiveCfg = Release|Any CPU
		{930F40E0-9292-441E-AC62-1FA781432882}.Release|Any CPU.Build.0 = Release|Any CPU
		{A38FEBEB-BDA5-4672-94A8-5E813011C208}.Debug|Any CPU.ActiveCfg = Debug|Any CPU
		{A38FEBEB-BDA5-4672-94A8-5E813011C208}.Debug|Any CPU.Build.0 = Debug|Any CPU
		{A38FEBEB-BDA5-4672-94A8-5E813011C208}.Fake|Any CPU.ActiveCfg = Debug|Any CPU
		{A38FEBEB-BDA5-4672-94A8-5E813011C208}.Fake|Any CPU.Build.0 = Debug|Any CPU
		{A38FEBEB-BDA5-4672-94A8-5E813011C208}.Release|Any CPU.ActiveCfg = Release|Any CPU
		{A38FEBEB-BDA5-4672-94A8-5E813011C208}.Release|Any CPU.Build.0 = Release|Any CPU
		{38D5CDA2-1F6E-4D04-B135-B58A9D8CF51D}.Debug|Any CPU.ActiveCfg = Debug|Any CPU
		{38D5CDA2-1F6E-4D04-B135-B58A9D8CF51D}.Debug|Any CPU.Build.0 = Debug|Any CPU
		{38D5CDA2-1F6E-4D04-B135-B58A9D8CF51D}.Fake|Any CPU.ActiveCfg = Debug|Any CPU
		{38D5CDA2-1F6E-4D04-B135-B58A9D8CF51D}.Fake|Any CPU.Build.0 = Debug|Any CPU
		{38D5CDA2-1F6E-4D04-B135-B58A9D8CF51D}.Release|Any CPU.ActiveCfg = Release|Any CPU
		{38D5CDA2-1F6E-4D04-B135-B58A9D8CF51D}.Release|Any CPU.Build.0 = Release|Any CPU
		{D5AD31C2-3306-4242-9496-60ACD8199338}.Debug|Any CPU.ActiveCfg = Debug|Any CPU
		{D5AD31C2-3306-4242-9496-60ACD8199338}.Debug|Any CPU.Build.0 = Debug|Any CPU
		{D5AD31C2-3306-4242-9496-60ACD8199338}.Fake|Any CPU.ActiveCfg = Debug|Any CPU
		{D5AD31C2-3306-4242-9496-60ACD8199338}.Fake|Any CPU.Build.0 = Debug|Any CPU
		{D5AD31C2-3306-4242-9496-60ACD8199338}.Release|Any CPU.ActiveCfg = Release|Any CPU
		{D5AD31C2-3306-4242-9496-60ACD8199338}.Release|Any CPU.Build.0 = Release|Any CPU
		{8B839005-A25A-4A35-B7C4-81B5444E241E}.Debug|Any CPU.ActiveCfg = Debug|Any CPU
		{8B839005-A25A-4A35-B7C4-81B5444E241E}.Debug|Any CPU.Build.0 = Debug|Any CPU
		{8B839005-A25A-4A35-B7C4-81B5444E241E}.Fake|Any CPU.ActiveCfg = Debug|Any CPU
		{8B839005-A25A-4A35-B7C4-81B5444E241E}.Fake|Any CPU.Build.0 = Debug|Any CPU
		{8B839005-A25A-4A35-B7C4-81B5444E241E}.Release|Any CPU.ActiveCfg = Release|Any CPU
		{8B839005-A25A-4A35-B7C4-81B5444E241E}.Release|Any CPU.Build.0 = Release|Any CPU
		{C1DE6862-4154-45C8-8106-B9C52A845285}.Debug|Any CPU.ActiveCfg = Debug|Any CPU
		{C1DE6862-4154-45C8-8106-B9C52A845285}.Debug|Any CPU.Build.0 = Debug|Any CPU
		{C1DE6862-4154-45C8-8106-B9C52A845285}.Fake|Any CPU.ActiveCfg = Debug|Any CPU
		{C1DE6862-4154-45C8-8106-B9C52A845285}.Fake|Any CPU.Build.0 = Debug|Any CPU
		{C1DE6862-4154-45C8-8106-B9C52A845285}.Release|Any CPU.ActiveCfg = Release|Any CPU
		{C1DE6862-4154-45C8-8106-B9C52A845285}.Release|Any CPU.Build.0 = Release|Any CPU
		{4EC41BCA-80EF-4E2D-A0AC-5F97AFF7DC11}.Debug|Any CPU.ActiveCfg = Debug|Any CPU
		{4EC41BCA-80EF-4E2D-A0AC-5F97AFF7DC11}.Debug|Any CPU.Build.0 = Debug|Any CPU
		{4EC41BCA-80EF-4E2D-A0AC-5F97AFF7DC11}.Fake|Any CPU.ActiveCfg = Debug|Any CPU
		{4EC41BCA-80EF-4E2D-A0AC-5F97AFF7DC11}.Fake|Any CPU.Build.0 = Debug|Any CPU
		{4EC41BCA-80EF-4E2D-A0AC-5F97AFF7DC11}.Release|Any CPU.ActiveCfg = Release|Any CPU
		{4EC41BCA-80EF-4E2D-A0AC-5F97AFF7DC11}.Release|Any CPU.Build.0 = Release|Any CPU
		{466B4887-E3D1-4A32-BE47-F08F69CD8948}.Debug|Any CPU.ActiveCfg = Debug|Any CPU
		{466B4887-E3D1-4A32-BE47-F08F69CD8948}.Debug|Any CPU.Build.0 = Debug|Any CPU
		{466B4887-E3D1-4A32-BE47-F08F69CD8948}.Fake|Any CPU.ActiveCfg = Debug|Any CPU
		{466B4887-E3D1-4A32-BE47-F08F69CD8948}.Fake|Any CPU.Build.0 = Debug|Any CPU
		{466B4887-E3D1-4A32-BE47-F08F69CD8948}.Release|Any CPU.ActiveCfg = Release|Any CPU
		{466B4887-E3D1-4A32-BE47-F08F69CD8948}.Release|Any CPU.Build.0 = Release|Any CPU
		{FF64F100-9639-49E7-A1CC-09D004735FBF}.Debug|Any CPU.ActiveCfg = Debug|Any CPU
		{FF64F100-9639-49E7-A1CC-09D004735FBF}.Debug|Any CPU.Build.0 = Debug|Any CPU
		{FF64F100-9639-49E7-A1CC-09D004735FBF}.Fake|Any CPU.ActiveCfg = Debug|Any CPU
		{FF64F100-9639-49E7-A1CC-09D004735FBF}.Fake|Any CPU.Build.0 = Debug|Any CPU
		{FF64F100-9639-49E7-A1CC-09D004735FBF}.Release|Any CPU.ActiveCfg = Release|Any CPU
		{FF64F100-9639-49E7-A1CC-09D004735FBF}.Release|Any CPU.Build.0 = Release|Any CPU
		{06AE6A46-FDA0-46FD-A7C5-BA512990B111}.Debug|Any CPU.ActiveCfg = Debug|Any CPU
		{06AE6A46-FDA0-46FD-A7C5-BA512990B111}.Debug|Any CPU.Build.0 = Debug|Any CPU
		{06AE6A46-FDA0-46FD-A7C5-BA512990B111}.Fake|Any CPU.ActiveCfg = Debug|Any CPU
		{06AE6A46-FDA0-46FD-A7C5-BA512990B111}.Fake|Any CPU.Build.0 = Debug|Any CPU
		{06AE6A46-FDA0-46FD-A7C5-BA512990B111}.Release|Any CPU.ActiveCfg = Release|Any CPU
		{06AE6A46-FDA0-46FD-A7C5-BA512990B111}.Release|Any CPU.Build.0 = Release|Any CPU
		{19350250-27CE-4C8B-B251-179684859714}.Debug|Any CPU.ActiveCfg = Debug|Any CPU
		{19350250-27CE-4C8B-B251-179684859714}.Debug|Any CPU.Build.0 = Debug|Any CPU
		{19350250-27CE-4C8B-B251-179684859714}.Fake|Any CPU.ActiveCfg = Debug|Any CPU
		{19350250-27CE-4C8B-B251-179684859714}.Fake|Any CPU.Build.0 = Debug|Any CPU
		{19350250-27CE-4C8B-B251-179684859714}.Release|Any CPU.ActiveCfg = Release|Any CPU
		{19350250-27CE-4C8B-B251-179684859714}.Release|Any CPU.Build.0 = Release|Any CPU
		{FE130370-7222-450D-954F-5D6EAA0EC858}.Debug|Any CPU.ActiveCfg = Debug|Any CPU
		{FE130370-7222-450D-954F-5D6EAA0EC858}.Debug|Any CPU.Build.0 = Debug|Any CPU
		{FE130370-7222-450D-954F-5D6EAA0EC858}.Fake|Any CPU.ActiveCfg = Debug|Any CPU
		{FE130370-7222-450D-954F-5D6EAA0EC858}.Fake|Any CPU.Build.0 = Debug|Any CPU
		{FE130370-7222-450D-954F-5D6EAA0EC858}.Release|Any CPU.ActiveCfg = Release|Any CPU
		{FE130370-7222-450D-954F-5D6EAA0EC858}.Release|Any CPU.Build.0 = Release|Any CPU
		{F5ECB450-0CA6-4CD9-A2D7-2EC1907A2632}.Debug|Any CPU.ActiveCfg = Debug|Any CPU
		{F5ECB450-0CA6-4CD9-A2D7-2EC1907A2632}.Debug|Any CPU.Build.0 = Debug|Any CPU
		{F5ECB450-0CA6-4CD9-A2D7-2EC1907A2632}.Fake|Any CPU.ActiveCfg = Debug|Any CPU
		{F5ECB450-0CA6-4CD9-A2D7-2EC1907A2632}.Fake|Any CPU.Build.0 = Debug|Any CPU
		{F5ECB450-0CA6-4CD9-A2D7-2EC1907A2632}.Release|Any CPU.ActiveCfg = Release|Any CPU
		{F5ECB450-0CA6-4CD9-A2D7-2EC1907A2632}.Release|Any CPU.Build.0 = Release|Any CPU
		{EAB69369-6ADB-4FBB-B0A3-F44386C0DC9C}.Debug|Any CPU.ActiveCfg = Debug|Any CPU
		{EAB69369-6ADB-4FBB-B0A3-F44386C0DC9C}.Debug|Any CPU.Build.0 = Debug|Any CPU
		{EAB69369-6ADB-4FBB-B0A3-F44386C0DC9C}.Fake|Any CPU.ActiveCfg = Debug|Any CPU
		{EAB69369-6ADB-4FBB-B0A3-F44386C0DC9C}.Fake|Any CPU.Build.0 = Debug|Any CPU
		{EAB69369-6ADB-4FBB-B0A3-F44386C0DC9C}.Release|Any CPU.ActiveCfg = Release|Any CPU
		{EAB69369-6ADB-4FBB-B0A3-F44386C0DC9C}.Release|Any CPU.Build.0 = Release|Any CPU
	EndGlobalSection
	GlobalSection(SolutionProperties) = preSolution
		HideSolutionNode = FALSE
	EndGlobalSection
	GlobalSection(NestedProjects) = preSolution
		{28801ACE-3A1D-4868-90AB-B30043A20AED} = {5AD816CA-C393-428F-9F06-98B45120B02C}
		{FCB0F13A-B412-4340-B077-D3E7A60A9DD7} = {28801ACE-3A1D-4868-90AB-B30043A20AED}
		{43FC813E-E3FD-4712-933A-81E95FDBE62A} = {5DEBCF0A-FE01-425F-BFE2-F1EADDD6D8D2}
		{D2E9DB17-987D-419D-8E14-1CBBF984041F} = {5DEBCF0A-FE01-425F-BFE2-F1EADDD6D8D2}
		{E0E6CFF9-9E6F-44A0-B6A4-0BBFB3139532} = {D3274B2A-7992-412D-A2BC-CD2DDA51F24E}
		{5D407E0D-4A55-4AA6-AC79-93F82BC7EE57} = {D3274B2A-7992-412D-A2BC-CD2DDA51F24E}
		{930F40E0-9292-441E-AC62-1FA781432882} = {E0E6CFF9-9E6F-44A0-B6A4-0BBFB3139532}
		{A38FEBEB-BDA5-4672-94A8-5E813011C208} = {5D407E0D-4A55-4AA6-AC79-93F82BC7EE57}
		{38D5CDA2-1F6E-4D04-B135-B58A9D8CF51D} = {D3274B2A-7992-412D-A2BC-CD2DDA51F24E}
		{D5AD31C2-3306-4242-9496-60ACD8199338} = {D3274B2A-7992-412D-A2BC-CD2DDA51F24E}
		{8B839005-A25A-4A35-B7C4-81B5444E241E} = {D3274B2A-7992-412D-A2BC-CD2DDA51F24E}
		{C1DE6862-4154-45C8-8106-B9C52A845285} = {D3274B2A-7992-412D-A2BC-CD2DDA51F24E}
		{1C42D034-BFF4-4352-88E3-E55DC6139B19} = {D3274B2A-7992-412D-A2BC-CD2DDA51F24E}
		{4EC41BCA-80EF-4E2D-A0AC-5F97AFF7DC11} = {1C42D034-BFF4-4352-88E3-E55DC6139B19}
		{466B4887-E3D1-4A32-BE47-F08F69CD8948} = {D3274B2A-7992-412D-A2BC-CD2DDA51F24E}
		{FF64F100-9639-49E7-A1CC-09D004735FBF} = {D3274B2A-7992-412D-A2BC-CD2DDA51F24E}
		{1D898F1E-AD66-4BAF-B24F-A7530425F46A} = {64068288-0730-45DB-BE3C-68F22F53997A}
		{06AE6A46-FDA0-46FD-A7C5-BA512990B111} = {1D898F1E-AD66-4BAF-B24F-A7530425F46A}
		{19350250-27CE-4C8B-B251-179684859714} = {1D898F1E-AD66-4BAF-B24F-A7530425F46A}
		{FE130370-7222-450D-954F-5D6EAA0EC858} = {1D898F1E-AD66-4BAF-B24F-A7530425F46A}
		{F5ECB450-0CA6-4CD9-A2D7-2EC1907A2632} = {D3274B2A-7992-412D-A2BC-CD2DDA51F24E}
		{EAB69369-6ADB-4FBB-B0A3-F44386C0DC9C} = {5D407E0D-4A55-4AA6-AC79-93F82BC7EE57}
	EndGlobalSection
	GlobalSection(ExtensibilityGlobals) = postSolution
		SolutionGuid = {EA28E198-EBC9-4C87-B84F-439D80617DC3}
	EndGlobalSection
EndGlobal
