
Microsoft Visual Studio Solution File, Format Version 12.00
# Visual Studio 14
VisualStudioVersion = 14.0.23107.0
MinimumVisualStudioVersion = 10.0.40219.1
Project("{2150E333-8FDC-42A3-9474-1A3956D46DE8}") = "01. Core", "01. Core", "{4E750A65-E3DF-4030-ACC0-C47FBDAA615C}"
EndProject
Project("{2150E333-8FDC-42A3-9474-1A3956D46DE8}") = "02. Data Access Layer", "02. Data Access Layer", "{8F0F8AAE-AE43-4823-AD6A-2D573DDB9EBE}"
EndProject
Project("{2150E333-8FDC-42A3-9474-1A3956D46DE8}") = "03. Host Layer", "03. Host Layer", "{4E5FA21D-715A-41BB-B215-8A7972362739}"
EndProject
Project("{2150E333-8FDC-42A3-9474-1A3956D46DE8}") = "04. Client", "04. Client", "{2A4763F7-89AC-49CA-BE52-7092ED57686B}"
EndProject
Project("{2150E333-8FDC-42A3-9474-1A3956D46DE8}") = "05. Common", "05. Common", "{39F57AC8-966D-44A0-B625-1C50A3401F88}"
EndProject
Project("{2150E333-8FDC-42A3-9474-1A3956D46DE8}") = "06. Tests", "06. Tests", "{61FEE5E3-A936-4471-89F8-B1A4637FADF7}"
EndProject
Project("{2150E333-8FDC-42A3-9474-1A3956D46DE8}") = "01. Unit Tests", "01. Unit Tests", "{CAE43B3B-7250-43E3-B4FE-DC28D81805D0}"
EndProject
Project("{2150E333-8FDC-42A3-9474-1A3956D46DE8}") = "02. Function Tests", "02. Function Tests", "{8B906AE7-E90F-4759-BBB9-6F19C80B3114}"
EndProject
Project("{8BB2217D-0F2D-49D1-97BC-3654ED321F3B}") = "SimpleIdentityServer.Common", "src\SimpleIdentityServer.Common\SimpleIdentityServer.Common.xproj", "{360996A6-5825-4CCD-9AA5-D66626B2F42F}"
EndProject
Project("{8BB2217D-0F2D-49D1-97BC-3654ED321F3B}") = "SimpleIdentityServer.RateLimitation", "src\SimpleIdentityServer.RateLimitation\SimpleIdentityServer.RateLimitation.xproj", "{DF0EED7B-81EB-47FF-92D0-B6223B2A1594}"
EndProject
Project("{8BB2217D-0F2D-49D1-97BC-3654ED321F3B}") = "SimpleIdentityServer.Core.Common", "src\SimpleIdentityServer.Core.Common\SimpleIdentityServer.Core.Common.xproj", "{8EA9F43D-3B41-40A4-88D7-68AF33F90C55}"
EndProject
Project("{8BB2217D-0F2D-49D1-97BC-3654ED321F3B}") = "SimpleIdentityServer.Core.Jwt", "src\SimpleIdentityServer.Core.Jwt\SimpleIdentityServer.Core.Jwt.xproj", "{7709D106-0AA1-4FE2-BE16-9E997F483311}"
EndProject
Project("{8BB2217D-0F2D-49D1-97BC-3654ED321F3B}") = "SimpleIdentityServer.Logging", "src\SimpleIdentityServer.Logging\SimpleIdentityServer.Logging.xproj", "{797FB01A-3748-4FDF-B031-D7A1F8498142}"
EndProject
Project("{8BB2217D-0F2D-49D1-97BC-3654ED321F3B}") = "SimpleIdentityServer.Core", "src\SimpleIdentityServer.Core\SimpleIdentityServer.Core.xproj", "{F6CDD355-9D4A-4A57-8D57-74F2DBCDBFA3}"
EndProject
Project("{8BB2217D-0F2D-49D1-97BC-3654ED321F3B}") = "SimpleIdentityServer.DataAccess.Fake", "src\SimpleIdentityServer.DataAccess.Fake\SimpleIdentityServer.DataAccess.Fake.xproj", "{C6A67FB8-DD94-490E-B7EE-F2E4C3BB31BA}"
EndProject
Project("{8BB2217D-0F2D-49D1-97BC-3654ED321F3B}") = "SimpleIdentityServer.DataAccess.SqlServer", "src\SimpleIdentityServer.DataAccess.SqlServer\SimpleIdentityServer.DataAccess.SqlServer.xproj", "{B56B6AE1-E9AA-49CB-9943-CA0AFD69705F}"
EndProject
Project("{8BB2217D-0F2D-49D1-97BC-3654ED321F3B}") = "SimpleIdentityServer.Core.Jwt.UnitTests", "tests\SimpleIdentityServer.Core.Jwt.UnitTests\SimpleIdentityServer.Core.Jwt.UnitTests.xproj", "{4D20A2F5-FA59-437D-9321-FE193517588A}"
EndProject
Project("{8BB2217D-0F2D-49D1-97BC-3654ED321F3B}") = "SimpleIdentityServer.Core.UnitTests", "tests\SimpleIdentityServer.Core.UnitTests\SimpleIdentityServer.Core.UnitTests.xproj", "{FCB0F13A-B412-4340-B077-D3E7A60A9DD7}"
EndProject
Global
	GlobalSection(SolutionConfigurationPlatforms) = preSolution
		Debug|Any CPU = Debug|Any CPU
		Release|Any CPU = Release|Any CPU
	EndGlobalSection
	GlobalSection(ProjectConfigurationPlatforms) = postSolution
		{360996A6-5825-4CCD-9AA5-D66626B2F42F}.Debug|Any CPU.ActiveCfg = Debug|Any CPU
		{360996A6-5825-4CCD-9AA5-D66626B2F42F}.Debug|Any CPU.Build.0 = Debug|Any CPU
		{360996A6-5825-4CCD-9AA5-D66626B2F42F}.Release|Any CPU.ActiveCfg = Release|Any CPU
		{360996A6-5825-4CCD-9AA5-D66626B2F42F}.Release|Any CPU.Build.0 = Release|Any CPU
		{DF0EED7B-81EB-47FF-92D0-B6223B2A1594}.Debug|Any CPU.ActiveCfg = Debug|Any CPU
		{DF0EED7B-81EB-47FF-92D0-B6223B2A1594}.Debug|Any CPU.Build.0 = Debug|Any CPU
		{DF0EED7B-81EB-47FF-92D0-B6223B2A1594}.Release|Any CPU.ActiveCfg = Release|Any CPU
		{DF0EED7B-81EB-47FF-92D0-B6223B2A1594}.Release|Any CPU.Build.0 = Release|Any CPU
		{8EA9F43D-3B41-40A4-88D7-68AF33F90C55}.Debug|Any CPU.ActiveCfg = Debug|Any CPU
		{8EA9F43D-3B41-40A4-88D7-68AF33F90C55}.Debug|Any CPU.Build.0 = Debug|Any CPU
		{8EA9F43D-3B41-40A4-88D7-68AF33F90C55}.Release|Any CPU.ActiveCfg = Release|Any CPU
		{8EA9F43D-3B41-40A4-88D7-68AF33F90C55}.Release|Any CPU.Build.0 = Release|Any CPU
		{7709D106-0AA1-4FE2-BE16-9E997F483311}.Debug|Any CPU.ActiveCfg = Debug|Any CPU
		{7709D106-0AA1-4FE2-BE16-9E997F483311}.Debug|Any CPU.Build.0 = Debug|Any CPU
		{7709D106-0AA1-4FE2-BE16-9E997F483311}.Release|Any CPU.ActiveCfg = Release|Any CPU
		{7709D106-0AA1-4FE2-BE16-9E997F483311}.Release|Any CPU.Build.0 = Release|Any CPU
		{797FB01A-3748-4FDF-B031-D7A1F8498142}.Debug|Any CPU.ActiveCfg = Debug|Any CPU
		{797FB01A-3748-4FDF-B031-D7A1F8498142}.Debug|Any CPU.Build.0 = Debug|Any CPU
		{797FB01A-3748-4FDF-B031-D7A1F8498142}.Release|Any CPU.ActiveCfg = Release|Any CPU
		{797FB01A-3748-4FDF-B031-D7A1F8498142}.Release|Any CPU.Build.0 = Release|Any CPU
		{F6CDD355-9D4A-4A57-8D57-74F2DBCDBFA3}.Debug|Any CPU.ActiveCfg = Debug|Any CPU
		{F6CDD355-9D4A-4A57-8D57-74F2DBCDBFA3}.Debug|Any CPU.Build.0 = Debug|Any CPU
		{F6CDD355-9D4A-4A57-8D57-74F2DBCDBFA3}.Release|Any CPU.ActiveCfg = Release|Any CPU
		{F6CDD355-9D4A-4A57-8D57-74F2DBCDBFA3}.Release|Any CPU.Build.0 = Release|Any CPU
		{C6A67FB8-DD94-490E-B7EE-F2E4C3BB31BA}.Debug|Any CPU.ActiveCfg = Debug|Any CPU
		{C6A67FB8-DD94-490E-B7EE-F2E4C3BB31BA}.Debug|Any CPU.Build.0 = Debug|Any CPU
		{C6A67FB8-DD94-490E-B7EE-F2E4C3BB31BA}.Release|Any CPU.ActiveCfg = Release|Any CPU
		{C6A67FB8-DD94-490E-B7EE-F2E4C3BB31BA}.Release|Any CPU.Build.0 = Release|Any CPU
		{B56B6AE1-E9AA-49CB-9943-CA0AFD69705F}.Debug|Any CPU.ActiveCfg = Debug|Any CPU
		{B56B6AE1-E9AA-49CB-9943-CA0AFD69705F}.Debug|Any CPU.Build.0 = Debug|Any CPU
		{B56B6AE1-E9AA-49CB-9943-CA0AFD69705F}.Release|Any CPU.ActiveCfg = Release|Any CPU
		{B56B6AE1-E9AA-49CB-9943-CA0AFD69705F}.Release|Any CPU.Build.0 = Release|Any CPU
		{4D20A2F5-FA59-437D-9321-FE193517588A}.Debug|Any CPU.ActiveCfg = Debug|Any CPU
		{4D20A2F5-FA59-437D-9321-FE193517588A}.Debug|Any CPU.Build.0 = Debug|Any CPU
		{4D20A2F5-FA59-437D-9321-FE193517588A}.Release|Any CPU.ActiveCfg = Release|Any CPU
		{4D20A2F5-FA59-437D-9321-FE193517588A}.Release|Any CPU.Build.0 = Release|Any CPU
		{FCB0F13A-B412-4340-B077-D3E7A60A9DD7}.Debug|Any CPU.ActiveCfg = Debug|Any CPU
		{FCB0F13A-B412-4340-B077-D3E7A60A9DD7}.Debug|Any CPU.Build.0 = Debug|Any CPU
		{FCB0F13A-B412-4340-B077-D3E7A60A9DD7}.Release|Any CPU.ActiveCfg = Release|Any CPU
		{FCB0F13A-B412-4340-B077-D3E7A60A9DD7}.Release|Any CPU.Build.0 = Release|Any CPU
	EndGlobalSection
	GlobalSection(SolutionProperties) = preSolution
		HideSolutionNode = FALSE
	EndGlobalSection
	GlobalSection(NestedProjects) = preSolution
		{CAE43B3B-7250-43E3-B4FE-DC28D81805D0} = {61FEE5E3-A936-4471-89F8-B1A4637FADF7}
		{8B906AE7-E90F-4759-BBB9-6F19C80B3114} = {61FEE5E3-A936-4471-89F8-B1A4637FADF7}
		{360996A6-5825-4CCD-9AA5-D66626B2F42F} = {39F57AC8-966D-44A0-B625-1C50A3401F88}
		{DF0EED7B-81EB-47FF-92D0-B6223B2A1594} = {4E5FA21D-715A-41BB-B215-8A7972362739}
		{8EA9F43D-3B41-40A4-88D7-68AF33F90C55} = {4E750A65-E3DF-4030-ACC0-C47FBDAA615C}
		{7709D106-0AA1-4FE2-BE16-9E997F483311} = {4E750A65-E3DF-4030-ACC0-C47FBDAA615C}
		{797FB01A-3748-4FDF-B031-D7A1F8498142} = {4E750A65-E3DF-4030-ACC0-C47FBDAA615C}
		{F6CDD355-9D4A-4A57-8D57-74F2DBCDBFA3} = {4E750A65-E3DF-4030-ACC0-C47FBDAA615C}
		{C6A67FB8-DD94-490E-B7EE-F2E4C3BB31BA} = {8F0F8AAE-AE43-4823-AD6A-2D573DDB9EBE}
		{B56B6AE1-E9AA-49CB-9943-CA0AFD69705F} = {8F0F8AAE-AE43-4823-AD6A-2D573DDB9EBE}
		{4D20A2F5-FA59-437D-9321-FE193517588A} = {CAE43B3B-7250-43E3-B4FE-DC28D81805D0}
		{FCB0F13A-B412-4340-B077-D3E7A60A9DD7} = {CAE43B3B-7250-43E3-B4FE-DC28D81805D0}
	EndGlobalSection
EndGlobal
